// !$*UTF8*$!
{
	archiveVersion = 1;
	classes = {
	};
	objectVersion = 46;
	objects = {

/* Begin PBXBuildFile section */
		00053FE01E210A0200067791 /* BTRegisterViewController.m in Sources */ = {isa = PBXBuildFile; fileRef = 00053FDF1E210A0200067791 /* BTRegisterViewController.m */; };
		00053FEE1E22587900067791 /* BTCaptchaViewController.m in Sources */ = {isa = PBXBuildFile; fileRef = 00053FED1E22587900067791 /* BTCaptchaViewController.m */; };
		00053FF11E22825B00067791 /* BTCommon.m in Sources */ = {isa = PBXBuildFile; fileRef = 00053FF01E22825B00067791 /* BTCommon.m */; };
		007E561C1E1FCC6A001CFCD4 /* main.m in Sources */ = {isa = PBXBuildFile; fileRef = 007E561B1E1FCC6A001CFCD4 /* main.m */; };
		007E561F1E1FCC6A001CFCD4 /* AppDelegate.m in Sources */ = {isa = PBXBuildFile; fileRef = 007E561E1E1FCC6A001CFCD4 /* AppDelegate.m */; };
		007E56221E1FCC6A001CFCD4 /* ViewController.m in Sources */ = {isa = PBXBuildFile; fileRef = 007E56211E1FCC6A001CFCD4 /* ViewController.m */; };
		007E56251E1FCC6A001CFCD4 /* Main.storyboard in Resources */ = {isa = PBXBuildFile; fileRef = 007E56231E1FCC6A001CFCD4 /* Main.storyboard */; };
		007E56271E1FCC6A001CFCD4 /* Assets.xcassets in Resources */ = {isa = PBXBuildFile; fileRef = 007E56261E1FCC6A001CFCD4 /* Assets.xcassets */; };
		007E562A1E1FCC6A001CFCD4 /* LaunchScreen.storyboard in Resources */ = {isa = PBXBuildFile; fileRef = 007E56281E1FCC6A001CFCD4 /* LaunchScreen.storyboard */; };
		007E56351E1FE05D001CFCD4 /* BTTabBarController.m in Sources */ = {isa = PBXBuildFile; fileRef = 007E56341E1FE05D001CFCD4 /* BTTabBarController.m */; };
		007E56381E1FE1B6001CFCD4 /* BTNavigationController.m in Sources */ = {isa = PBXBuildFile; fileRef = 007E56371E1FE1B6001CFCD4 /* BTNavigationController.m */; };
		007E563B1E1FE2F9001CFCD4 /* BTLoginNavigationController.m in Sources */ = {isa = PBXBuildFile; fileRef = 007E563A1E1FE2F9001CFCD4 /* BTLoginNavigationController.m */; };
		007E563E1E1FF203001CFCD4 /* BTViewController.m in Sources */ = {isa = PBXBuildFile; fileRef = 007E563D1E1FF203001CFCD4 /* BTViewController.m */; };
		007E56411E1FF224001CFCD4 /* BTLoginViewController.m in Sources */ = {isa = PBXBuildFile; fileRef = 007E56401E1FF224001CFCD4 /* BTLoginViewController.m */; };
		5C4389A51E2329E5009C7C75 /* MBProgressHUD.m in Sources */ = {isa = PBXBuildFile; fileRef = 5C4389A41E2329E5009C7C75 /* MBProgressHUD.m */; };
		5C4389A91E232F40009C7C75 /* BTUser.m in Sources */ = {isa = PBXBuildFile; fileRef = 5C4389A81E232F40009C7C75 /* BTUser.m */; };
/* End PBXBuildFile section */

/* Begin PBXFileReference section */
		00053FDE1E210A0200067791 /* BTRegisterViewController.h */ = {isa = PBXFileReference; fileEncoding = 4; lastKnownFileType = sourcecode.c.h; path = BTRegisterViewController.h; sourceTree = "<group>"; };
		00053FDF1E210A0200067791 /* BTRegisterViewController.m */ = {isa = PBXFileReference; fileEncoding = 4; lastKnownFileType = sourcecode.c.objc; path = BTRegisterViewController.m; sourceTree = "<group>"; };
		00053FEC1E22587900067791 /* BTCaptchaViewController.h */ = {isa = PBXFileReference; fileEncoding = 4; lastKnownFileType = sourcecode.c.h; path = BTCaptchaViewController.h; sourceTree = "<group>"; };
		00053FED1E22587900067791 /* BTCaptchaViewController.m */ = {isa = PBXFileReference; fileEncoding = 4; lastKnownFileType = sourcecode.c.objc; path = BTCaptchaViewController.m; sourceTree = "<group>"; };
		00053FEF1E22825B00067791 /* BTCommon.h */ = {isa = PBXFileReference; fileEncoding = 4; lastKnownFileType = sourcecode.c.h; path = BTCommon.h; sourceTree = "<group>"; };
		00053FF01E22825B00067791 /* BTCommon.m */ = {isa = PBXFileReference; fileEncoding = 4; lastKnownFileType = sourcecode.c.objc; path = BTCommon.m; sourceTree = "<group>"; };
		007E56171E1FCC6A001CFCD4 /* bt.app */ = {isa = PBXFileReference; explicitFileType = wrapper.application; includeInIndex = 0; path = bt.app; sourceTree = BUILT_PRODUCTS_DIR; };
		007E561B1E1FCC6A001CFCD4 /* main.m */ = {isa = PBXFileReference; lastKnownFileType = sourcecode.c.objc; path = main.m; sourceTree = "<group>"; };
		007E561D1E1FCC6A001CFCD4 /* AppDelegate.h */ = {isa = PBXFileReference; lastKnownFileType = sourcecode.c.h; path = AppDelegate.h; sourceTree = "<group>"; };
		007E561E1E1FCC6A001CFCD4 /* AppDelegate.m */ = {isa = PBXFileReference; lastKnownFileType = sourcecode.c.objc; path = AppDelegate.m; sourceTree = "<group>"; };
		007E56201E1FCC6A001CFCD4 /* ViewController.h */ = {isa = PBXFileReference; lastKnownFileType = sourcecode.c.h; path = ViewController.h; sourceTree = "<group>"; };
		007E56211E1FCC6A001CFCD4 /* ViewController.m */ = {isa = PBXFileReference; lastKnownFileType = sourcecode.c.objc; path = ViewController.m; sourceTree = "<group>"; };
		007E56241E1FCC6A001CFCD4 /* Base */ = {isa = PBXFileReference; lastKnownFileType = file.storyboard; name = Base; path = Base.lproj/Main.storyboard; sourceTree = "<group>"; };
		007E56261E1FCC6A001CFCD4 /* Assets.xcassets */ = {isa = PBXFileReference; lastKnownFileType = folder.assetcatalog; path = Assets.xcassets; sourceTree = "<group>"; };
		007E56291E1FCC6A001CFCD4 /* Base */ = {isa = PBXFileReference; lastKnownFileType = file.storyboard; name = Base; path = Base.lproj/LaunchScreen.storyboard; sourceTree = "<group>"; };
		007E562B1E1FCC6A001CFCD4 /* Info.plist */ = {isa = PBXFileReference; lastKnownFileType = text.plist.xml; path = Info.plist; sourceTree = "<group>"; };
		007E56331E1FE05D001CFCD4 /* BTTabBarController.h */ = {isa = PBXFileReference; fileEncoding = 4; lastKnownFileType = sourcecode.c.h; path = BTTabBarController.h; sourceTree = "<group>"; };
		007E56341E1FE05D001CFCD4 /* BTTabBarController.m */ = {isa = PBXFileReference; fileEncoding = 4; lastKnownFileType = sourcecode.c.objc; path = BTTabBarController.m; sourceTree = "<group>"; };
		007E56361E1FE1B6001CFCD4 /* BTNavigationController.h */ = {isa = PBXFileReference; fileEncoding = 4; lastKnownFileType = sourcecode.c.h; path = BTNavigationController.h; sourceTree = "<group>"; };
		007E56371E1FE1B6001CFCD4 /* BTNavigationController.m */ = {isa = PBXFileReference; fileEncoding = 4; lastKnownFileType = sourcecode.c.objc; path = BTNavigationController.m; sourceTree = "<group>"; };
		007E56391E1FE2F9001CFCD4 /* BTLoginNavigationController.h */ = {isa = PBXFileReference; fileEncoding = 4; lastKnownFileType = sourcecode.c.h; path = BTLoginNavigationController.h; sourceTree = "<group>"; };
		007E563A1E1FE2F9001CFCD4 /* BTLoginNavigationController.m */ = {isa = PBXFileReference; fileEncoding = 4; lastKnownFileType = sourcecode.c.objc; path = BTLoginNavigationController.m; sourceTree = "<group>"; };
		007E563C1E1FF203001CFCD4 /* BTViewController.h */ = {isa = PBXFileReference; fileEncoding = 4; lastKnownFileType = sourcecode.c.h; path = BTViewController.h; sourceTree = "<group>"; };
		007E563D1E1FF203001CFCD4 /* BTViewController.m */ = {isa = PBXFileReference; fileEncoding = 4; lastKnownFileType = sourcecode.c.objc; path = BTViewController.m; sourceTree = "<group>"; };
		007E563F1E1FF224001CFCD4 /* BTLoginViewController.h */ = {isa = PBXFileReference; fileEncoding = 4; lastKnownFileType = sourcecode.c.h; path = BTLoginViewController.h; sourceTree = "<group>"; };
		007E56401E1FF224001CFCD4 /* BTLoginViewController.m */ = {isa = PBXFileReference; fileEncoding = 4; lastKnownFileType = sourcecode.c.objc; path = BTLoginViewController.m; sourceTree = "<group>"; };
		5C4389A31E2329E5009C7C75 /* MBProgressHUD.h */ = {isa = PBXFileReference; fileEncoding = 4; lastKnownFileType = sourcecode.c.h; path = MBProgressHUD.h; sourceTree = "<group>"; };
		5C4389A41E2329E5009C7C75 /* MBProgressHUD.m */ = {isa = PBXFileReference; fileEncoding = 4; lastKnownFileType = sourcecode.c.objc; path = MBProgressHUD.m; sourceTree = "<group>"; };
		5C4389A71E232F40009C7C75 /* BTUser.h */ = {isa = PBXFileReference; fileEncoding = 4; lastKnownFileType = sourcecode.c.h; path = BTUser.h; sourceTree = "<group>"; };
		5C4389A81E232F40009C7C75 /* BTUser.m */ = {isa = PBXFileReference; fileEncoding = 4; lastKnownFileType = sourcecode.c.objc; path = BTUser.m; sourceTree = "<group>"; };
/* End PBXFileReference section */

/* Begin PBXFrameworksBuildPhase section */
		007E56141E1FCC6A001CFCD4 /* Frameworks */ = {
			isa = PBXFrameworksBuildPhase;
			buildActionMask = 2147483647;
			files = (
			);
			runOnlyForDeploymentPostprocessing = 0;
		};
/* End PBXFrameworksBuildPhase section */

/* Begin PBXGroup section */
		00053FE11E21155600067791 /* login */ = {
			isa = PBXGroup;
			children = (
				007E56391E1FE2F9001CFCD4 /* BTLoginNavigationController.h */,
				007E563A1E1FE2F9001CFCD4 /* BTLoginNavigationController.m */,
				007E563F1E1FF224001CFCD4 /* BTLoginViewController.h */,
				007E56401E1FF224001CFCD4 /* BTLoginViewController.m */,
				00053FDE1E210A0200067791 /* BTRegisterViewController.h */,
				00053FDF1E210A0200067791 /* BTRegisterViewController.m */,
				00053FEC1E22587900067791 /* BTCaptchaViewController.h */,
				00053FED1E22587900067791 /* BTCaptchaViewController.m */,
			);
			name = login;
			sourceTree = "<group>";
		};
		00053FE81E2124E600067791 /* libraries */ = {
			isa = PBXGroup;
			children = (
				5C4389A31E2329E5009C7C75 /* MBProgressHUD.h */,
				5C4389A41E2329E5009C7C75 /* MBProgressHUD.m */,
			);
			name = libraries;
			sourceTree = "<group>";
		};
		007E560E1E1FCC6A001CFCD4 = {
			isa = PBXGroup;
			children = (
				007E56191E1FCC6A001CFCD4 /* bt */,
				007E56181E1FCC6A001CFCD4 /* Products */,
			);
			sourceTree = "<group>";
		};
		007E56181E1FCC6A001CFCD4 /* Products */ = {
			isa = PBXGroup;
			children = (
				007E56171E1FCC6A001CFCD4 /* bt.app */,
			);
			name = Products;
			sourceTree = "<group>";
		};
		007E56191E1FCC6A001CFCD4 /* bt */ = {
			isa = PBXGroup;
			children = (
				00053FE81E2124E600067791 /* libraries */,
				007E56311E1FDFEC001CFCD4 /* utils */,
				5C4389A61E232F07009C7C75 /* models */,
				007E56321E1FDFFB001CFCD4 /* controllers */,
				007E561D1E1FCC6A001CFCD4 /* AppDelegate.h */,
				007E561E1E1FCC6A001CFCD4 /* AppDelegate.m */,
				007E56201E1FCC6A001CFCD4 /* ViewController.h */,
				007E56211E1FCC6A001CFCD4 /* ViewController.m */,
				007E56231E1FCC6A001CFCD4 /* Main.storyboard */,
				007E56261E1FCC6A001CFCD4 /* Assets.xcassets */,
				007E56281E1FCC6A001CFCD4 /* LaunchScreen.storyboard */,
				007E562B1E1FCC6A001CFCD4 /* Info.plist */,
				007E561A1E1FCC6A001CFCD4 /* Supporting Files */,
			);
			path = bt;
			sourceTree = "<group>";
		};
		007E561A1E1FCC6A001CFCD4 /* Supporting Files */ = {
			isa = PBXGroup;
			children = (
				007E561B1E1FCC6A001CFCD4 /* main.m */,
			);
			name = "Supporting Files";
			sourceTree = "<group>";
		};
		007E56311E1FDFEC001CFCD4 /* utils */ = {
			isa = PBXGroup;
			children = (
				00053FEF1E22825B00067791 /* BTCommon.h */,
				00053FF01E22825B00067791 /* BTCommon.m */,
			);
			name = utils;
			sourceTree = "<group>";
		};
		007E56321E1FDFFB001CFCD4 /* controllers */ = {
			isa = PBXGroup;
			children = (
				007E56331E1FE05D001CFCD4 /* BTTabBarController.h */,
				007E56341E1FE05D001CFCD4 /* BTTabBarController.m */,
				007E56361E1FE1B6001CFCD4 /* BTNavigationController.h */,
				007E56371E1FE1B6001CFCD4 /* BTNavigationController.m */,
				007E563C1E1FF203001CFCD4 /* BTViewController.h */,
				007E563D1E1FF203001CFCD4 /* BTViewController.m */,
				00053FE11E21155600067791 /* login */,
			);
			name = controllers;
			sourceTree = "<group>";
		};
		5C4389A61E232F07009C7C75 /* models */ = {
			isa = PBXGroup;
			children = (
				5C4389A71E232F40009C7C75 /* BTUser.h */,
				5C4389A81E232F40009C7C75 /* BTUser.m */,
			);
			name = models;
			sourceTree = "<group>";
		};
/* End PBXGroup section */

/* Begin PBXNativeTarget section */
		007E56161E1FCC6A001CFCD4 /* bt */ = {
			isa = PBXNativeTarget;
			buildConfigurationList = 007E562E1E1FCC6A001CFCD4 /* Build configuration list for PBXNativeTarget "bt" */;
			buildPhases = (
				007E56131E1FCC6A001CFCD4 /* Sources */,
				007E56141E1FCC6A001CFCD4 /* Frameworks */,
				007E56151E1FCC6A001CFCD4 /* Resources */,
			);
			buildRules = (
			);
			dependencies = (
			);
			name = bt;
			productName = bt;
			productReference = 007E56171E1FCC6A001CFCD4 /* bt.app */;
			productType = "com.apple.product-type.application";
		};
/* End PBXNativeTarget section */

/* Begin PBXProject section */
		007E560F1E1FCC6A001CFCD4 /* Project object */ = {
			isa = PBXProject;
			attributes = {
				LastUpgradeCheck = 0820;
				ORGANIZATIONNAME = selfdoctor;
				TargetAttributes = {
					007E56161E1FCC6A001CFCD4 = {
						CreatedOnToolsVersion = 8.2.1;
						DevelopmentTeam = 5ZDM7H945X;
						ProvisioningStyle = Automatic;
					};
				};
			};
			buildConfigurationList = 007E56121E1FCC6A001CFCD4 /* Build configuration list for PBXProject "bt" */;
			compatibilityVersion = "Xcode 3.2";
			developmentRegion = English;
			hasScannedForEncodings = 0;
			knownRegions = (
				en,
				Base,
			);
			mainGroup = 007E560E1E1FCC6A001CFCD4;
			productRefGroup = 007E56181E1FCC6A001CFCD4 /* Products */;
			projectDirPath = "";
			projectRoot = "";
			targets = (
				007E56161E1FCC6A001CFCD4 /* bt */,
			);
		};
/* End PBXProject section */

/* Begin PBXResourcesBuildPhase section */
		007E56151E1FCC6A001CFCD4 /* Resources */ = {
			isa = PBXResourcesBuildPhase;
			buildActionMask = 2147483647;
			files = (
				007E562A1E1FCC6A001CFCD4 /* LaunchScreen.storyboard in Resources */,
				007E56271E1FCC6A001CFCD4 /* Assets.xcassets in Resources */,
				007E56251E1FCC6A001CFCD4 /* Main.storyboard in Resources */,
			);
			runOnlyForDeploymentPostprocessing = 0;
		};
/* End PBXResourcesBuildPhase section */

/* Begin PBXSourcesBuildPhase section */
		007E56131E1FCC6A001CFCD4 /* Sources */ = {
			isa = PBXSourcesBuildPhase;
			buildActionMask = 2147483647;
			files = (
				00053FE01E210A0200067791 /* BTRegisterViewController.m in Sources */,
				00053FEE1E22587900067791 /* BTCaptchaViewController.m in Sources */,
				007E56411E1FF224001CFCD4 /* BTLoginViewController.m in Sources */,
				007E56221E1FCC6A001CFCD4 /* ViewController.m in Sources */,
				007E563B1E1FE2F9001CFCD4 /* BTLoginNavigationController.m in Sources */,
				007E561F1E1FCC6A001CFCD4 /* AppDelegate.m in Sources */,
				007E56351E1FE05D001CFCD4 /* BTTabBarController.m in Sources */,
				007E56381E1FE1B6001CFCD4 /* BTNavigationController.m in Sources */,
				5C4389A91E232F40009C7C75 /* BTUser.m in Sources */,
				00053FF11E22825B00067791 /* BTCommon.m in Sources */,
				007E563E1E1FF203001CFCD4 /* BTViewController.m in Sources */,
				007E561C1E1FCC6A001CFCD4 /* main.m in Sources */,
				5C4389A51E2329E5009C7C75 /* MBProgressHUD.m in Sources */,
			);
			runOnlyForDeploymentPostprocessing = 0;
		};
/* End PBXSourcesBuildPhase section */

/* Begin PBXVariantGroup section */
		007E56231E1FCC6A001CFCD4 /* Main.storyboard */ = {
			isa = PBXVariantGroup;
			children = (
				007E56241E1FCC6A001CFCD4 /* Base */,
			);
			name = Main.storyboard;
			sourceTree = "<group>";
		};
		007E56281E1FCC6A001CFCD4 /* LaunchScreen.storyboard */ = {
			isa = PBXVariantGroup;
			children = (
				007E56291E1FCC6A001CFCD4 /* Base */,
			);
			name = LaunchScreen.storyboard;
			sourceTree = "<group>";
		};
/* End PBXVariantGroup section */

/* Begin XCBuildConfiguration section */
		007E562C1E1FCC6A001CFCD4 /* Debug */ = {
			isa = XCBuildConfiguration;
			buildSettings = {
				ALWAYS_SEARCH_USER_PATHS = NO;
				CLANG_ANALYZER_NONNULL = YES;
				CLANG_CXX_LANGUAGE_STANDARD = "gnu++0x";
				CLANG_CXX_LIBRARY = "libc++";
				CLANG_ENABLE_MODULES = YES;
				CLANG_ENABLE_OBJC_ARC = YES;
				CLANG_WARN_BOOL_CONVERSION = YES;
				CLANG_WARN_CONSTANT_CONVERSION = YES;
				CLANG_WARN_DIRECT_OBJC_ISA_USAGE = YES_ERROR;
				CLANG_WARN_DOCUMENTATION_COMMENTS = YES;
				CLANG_WARN_EMPTY_BODY = YES;
				CLANG_WARN_ENUM_CONVERSION = YES;
				CLANG_WARN_INFINITE_RECURSION = YES;
				CLANG_WARN_INT_CONVERSION = YES;
				CLANG_WARN_OBJC_ROOT_CLASS = YES_ERROR;
				CLANG_WARN_SUSPICIOUS_MOVE = YES;
				CLANG_WARN_UNREACHABLE_CODE = YES;
				CLANG_WARN__DUPLICATE_METHOD_MATCH = YES;
				"CODE_SIGN_IDENTITY[sdk=iphoneos*]" = "iPhone Developer";
				COPY_PHASE_STRIP = NO;
				DEBUG_INFORMATION_FORMAT = dwarf;
				ENABLE_STRICT_OBJC_MSGSEND = YES;
				ENABLE_TESTABILITY = YES;
				GCC_C_LANGUAGE_STANDARD = gnu99;
				GCC_DYNAMIC_NO_PIC = NO;
				GCC_NO_COMMON_BLOCKS = YES;
				GCC_OPTIMIZATION_LEVEL = 0;
				GCC_PREPROCESSOR_DEFINITIONS = (
					"DEBUG=1",
					"$(inherited)",
				);
				GCC_WARN_64_TO_32_BIT_CONVERSION = YES;
				GCC_WARN_ABOUT_RETURN_TYPE = YES_ERROR;
				GCC_WARN_UNDECLARED_SELECTOR = YES;
				GCC_WARN_UNINITIALIZED_AUTOS = YES_AGGRESSIVE;
				GCC_WARN_UNUSED_FUNCTION = YES;
				GCC_WARN_UNUSED_VARIABLE = YES;
				IPHONEOS_DEPLOYMENT_TARGET = 10.2;
				MTL_ENABLE_DEBUG_INFO = YES;
				ONLY_ACTIVE_ARCH = YES;
				SDKROOT = iphoneos;
			};
			name = Debug;
		};
		007E562D1E1FCC6A001CFCD4 /* Release */ = {
			isa = XCBuildConfiguration;
			buildSettings = {
				ALWAYS_SEARCH_USER_PATHS = NO;
				CLANG_ANALYZER_NONNULL = YES;
				CLANG_CXX_LANGUAGE_STANDARD = "gnu++0x";
				CLANG_CXX_LIBRARY = "libc++";
				CLANG_ENABLE_MODULES = YES;
				CLANG_ENABLE_OBJC_ARC = YES;
				CLANG_WARN_BOOL_CONVERSION = YES;
				CLANG_WARN_CONSTANT_CONVERSION = YES;
				CLANG_WARN_DIRECT_OBJC_ISA_USAGE = YES_ERROR;
				CLANG_WARN_DOCUMENTATION_COMMENTS = YES;
				CLANG_WARN_EMPTY_BODY = YES;
				CLANG_WARN_ENUM_CONVERSION = YES;
				CLANG_WARN_INFINITE_RECURSION = YES;
				CLANG_WARN_INT_CONVERSION = YES;
				CLANG_WARN_OBJC_ROOT_CLASS = YES_ERROR;
				CLANG_WARN_SUSPICIOUS_MOVE = YES;
				CLANG_WARN_UNREACHABLE_CODE = YES;
				CLANG_WARN__DUPLICATE_METHOD_MATCH = YES;
				"CODE_SIGN_IDENTITY[sdk=iphoneos*]" = "iPhone Developer";
				COPY_PHASE_STRIP = NO;
				DEBUG_INFORMATION_FORMAT = "dwarf-with-dsym";
				ENABLE_NS_ASSERTIONS = NO;
				ENABLE_STRICT_OBJC_MSGSEND = YES;
				GCC_C_LANGUAGE_STANDARD = gnu99;
				GCC_NO_COMMON_BLOCKS = YES;
				GCC_WARN_64_TO_32_BIT_CONVERSION = YES;
				GCC_WARN_ABOUT_RETURN_TYPE = YES_ERROR;
				GCC_WARN_UNDECLARED_SELECTOR = YES;
				GCC_WARN_UNINITIALIZED_AUTOS = YES_AGGRESSIVE;
				GCC_WARN_UNUSED_FUNCTION = YES;
				GCC_WARN_UNUSED_VARIABLE = YES;
				IPHONEOS_DEPLOYMENT_TARGET = 10.2;
				MTL_ENABLE_DEBUG_INFO = NO;
				SDKROOT = iphoneos;
				VALIDATE_PRODUCT = YES;
			};
			name = Release;
		};
		007E562F1E1FCC6A001CFCD4 /* Debug */ = {
			isa = XCBuildConfiguration;
			buildSettings = {
				ASSETCATALOG_COMPILER_APPICON_NAME = AppIcon;
				"CODE_SIGN_IDENTITY[sdk=iphoneos*]" = "iPhone Developer";
				DEVELOPMENT_TEAM = 5ZDM7H945X;
				INFOPLIST_FILE = bt/Info.plist;
				LD_RUNPATH_SEARCH_PATHS = "$(inherited) @executable_path/Frameworks";
				PRODUCT_BUNDLE_IDENTIFIER = com.selfdoctor.bt;
				PRODUCT_NAME = "$(TARGET_NAME)";
			};
			name = Debug;
		};
		007E56301E1FCC6A001CFCD4 /* Release */ = {
			isa = XCBuildConfiguration;
			buildSettings = {
				ASSETCATALOG_COMPILER_APPICON_NAME = AppIcon;
				"CODE_SIGN_IDENTITY[sdk=iphoneos*]" = "iPhone Developer";
				DEVELOPMENT_TEAM = 5ZDM7H945X;
				INFOPLIST_FILE = bt/Info.plist;
				LD_RUNPATH_SEARCH_PATHS = "$(inherited) @executable_path/Frameworks";
				PRODUCT_BUNDLE_IDENTIFIER = com.selfdoctor.bt;
				PRODUCT_NAME = "$(TARGET_NAME)";
			};
			name = Release;
		};
/* End XCBuildConfiguration section */

/* Begin XCConfigurationList section */
		007E56121E1FCC6A001CFCD4 /* Build configuration list for PBXProject "bt" */ = {
			isa = XCConfigurationList;
			buildConfigurations = (
				007E562C1E1FCC6A001CFCD4 /* Debug */,
				007E562D1E1FCC6A001CFCD4 /* Release */,
			);
			defaultConfigurationIsVisible = 0;
			defaultConfigurationName = Release;
		};
		007E562E1E1FCC6A001CFCD4 /* Build configuration list for PBXNativeTarget "bt" */ = {
			isa = XCConfigurationList;
			buildConfigurations = (
				007E562F1E1FCC6A001CFCD4 /* Debug */,
				007E56301E1FCC6A001CFCD4 /* Release */,
			);
			defaultConfigurationIsVisible = 0;
			defaultConfigurationName = Release;
		};
/* End XCConfigurationList section */
	};
	rootObject = 007E560F1E1FCC6A001CFCD4 /* Project object */;
}
