// !$*UTF8*$!
{
	archiveVersion = 1;
	classes = {
	};
	objectVersion = 46;
	objects = {

/* Begin PBXBuildFile section */
		00053FE01E210A0200067791 /* BTRegisterViewController.m in Sources */ = {isa = PBXBuildFile; fileRef = 00053FDF1E210A0200067791 /* BTRegisterViewController.m */; };
		00053FEE1E22587900067791 /* BTCaptchaViewController.m in Sources */ = {isa = PBXBuildFile; fileRef = 00053FED1E22587900067791 /* BTCaptchaViewController.m */; };
		00053FF11E22825B00067791 /* BTCommon.m in Sources */ = {isa = PBXBuildFile; fileRef = 00053FF01E22825B00067791 /* BTCommon.m */; };
		00053FF71E27AF4300067791 /* BTHeightPickerView.m in Sources */ = {isa = PBXBuildFile; fileRef = 00053FF61E27AF4300067791 /* BTHeightPickerView.m */; };
		000540001E27CE1400067791 /* BTWeightPickerView.m in Sources */ = {isa = PBXBuildFile; fileRef = 00053FFF1E27CE1400067791 /* BTWeightPickerView.m */; };
		000540021E27DA7C00067791 /* BTHeightPickerView.xib in Resources */ = {isa = PBXBuildFile; fileRef = 000540011E27DA7C00067791 /* BTHeightPickerView.xib */; };
		004EC8BF1E797E760045048A /* BTArticleViewController.m in Sources */ = {isa = PBXBuildFile; fileRef = 004EC8BE1E797E760045048A /* BTArticleViewController.m */; };
		004F59231E30E1A000A9E522 /* BTArticleCell.m in Sources */ = {isa = PBXBuildFile; fileRef = 004F59221E30E1A000A9E522 /* BTArticleCell.m */; };
		0066B8751E66FE0D004169CB /* BTWeightCell.xib in Resources */ = {isa = PBXBuildFile; fileRef = 0066B8741E66FE0D004169CB /* BTWeightCell.xib */; };
		0066D7591E758472006DB0D4 /* MJRefresh.bundle in Resources */ = {isa = PBXBuildFile; fileRef = 0066D7311E758472006DB0D4 /* MJRefresh.bundle */; };
		0066D75A1E758472006DB0D4 /* MJRefreshAutoFooter.m in Sources */ = {isa = PBXBuildFile; fileRef = 0066D7341E758472006DB0D4 /* MJRefreshAutoFooter.m */; };
		0066D75B1E758472006DB0D4 /* MJRefreshAutoGifFooter.m in Sources */ = {isa = PBXBuildFile; fileRef = 0066D7361E758472006DB0D4 /* MJRefreshAutoGifFooter.m */; };
		0066D75C1E758472006DB0D4 /* MJRefreshAutoNormalFooter.m in Sources */ = {isa = PBXBuildFile; fileRef = 0066D7381E758472006DB0D4 /* MJRefreshAutoNormalFooter.m */; };
		0066D75D1E758472006DB0D4 /* MJRefreshAutoStateFooter.m in Sources */ = {isa = PBXBuildFile; fileRef = 0066D73A1E758472006DB0D4 /* MJRefreshAutoStateFooter.m */; };
		0066D75E1E758472006DB0D4 /* MJRefreshBackFooter.m in Sources */ = {isa = PBXBuildFile; fileRef = 0066D73C1E758472006DB0D4 /* MJRefreshBackFooter.m */; };
		0066D75F1E758472006DB0D4 /* MJRefreshBackGifFooter.m in Sources */ = {isa = PBXBuildFile; fileRef = 0066D73E1E758472006DB0D4 /* MJRefreshBackGifFooter.m */; };
		0066D7601E758472006DB0D4 /* MJRefreshBackNormalFooter.m in Sources */ = {isa = PBXBuildFile; fileRef = 0066D7401E758472006DB0D4 /* MJRefreshBackNormalFooter.m */; };
		0066D7611E758472006DB0D4 /* MJRefreshBackStateFooter.m in Sources */ = {isa = PBXBuildFile; fileRef = 0066D7421E758472006DB0D4 /* MJRefreshBackStateFooter.m */; };
		0066D7621E758472006DB0D4 /* MJRefreshComponent.m in Sources */ = {isa = PBXBuildFile; fileRef = 0066D7441E758472006DB0D4 /* MJRefreshComponent.m */; };
		0066D7631E758472006DB0D4 /* MJRefreshConst.m in Sources */ = {isa = PBXBuildFile; fileRef = 0066D7461E758472006DB0D4 /* MJRefreshConst.m */; };
		0066D7641E758472006DB0D4 /* MJRefreshFooter.m in Sources */ = {isa = PBXBuildFile; fileRef = 0066D7481E758472006DB0D4 /* MJRefreshFooter.m */; };
		0066D7651E758472006DB0D4 /* MJRefreshGifHeader.m in Sources */ = {isa = PBXBuildFile; fileRef = 0066D74A1E758472006DB0D4 /* MJRefreshGifHeader.m */; };
		0066D7661E758472006DB0D4 /* MJRefreshHeader.m in Sources */ = {isa = PBXBuildFile; fileRef = 0066D74C1E758472006DB0D4 /* MJRefreshHeader.m */; };
		0066D7671E758472006DB0D4 /* MJRefreshNormalHeader.m in Sources */ = {isa = PBXBuildFile; fileRef = 0066D74E1E758472006DB0D4 /* MJRefreshNormalHeader.m */; };
		0066D7681E758472006DB0D4 /* MJRefreshStateHeader.m in Sources */ = {isa = PBXBuildFile; fileRef = 0066D7501E758472006DB0D4 /* MJRefreshStateHeader.m */; };
		0066D7691E758472006DB0D4 /* NSBundle+MJRefresh.m in Sources */ = {isa = PBXBuildFile; fileRef = 0066D7521E758472006DB0D4 /* NSBundle+MJRefresh.m */; };
		0066D76A1E758472006DB0D4 /* UIScrollView+MJExtension.m in Sources */ = {isa = PBXBuildFile; fileRef = 0066D7541E758472006DB0D4 /* UIScrollView+MJExtension.m */; };
		0066D76B1E758472006DB0D4 /* UIScrollView+MJRefresh.m in Sources */ = {isa = PBXBuildFile; fileRef = 0066D7561E758472006DB0D4 /* UIScrollView+MJRefresh.m */; };
		0066D76C1E758472006DB0D4 /* UIView+MJExtension.m in Sources */ = {isa = PBXBuildFile; fileRef = 0066D7581E758472006DB0D4 /* UIView+MJExtension.m */; };
		006A3DFB1E29FD5C00BD4F10 /* BTConfirmCourseViewController.m in Sources */ = {isa = PBXBuildFile; fileRef = 006A3DFA1E29FD5C00BD4F10 /* BTConfirmCourseViewController.m */; };
		006B2A461E2F780D0002A484 /* BTNoCourseCell.m in Sources */ = {isa = PBXBuildFile; fileRef = 006B2A451E2F780D0002A484 /* BTNoCourseCell.m */; };
		006B2A491E2FBF8A0002A484 /* BTRecommendArticleCell.m in Sources */ = {isa = PBXBuildFile; fileRef = 006B2A481E2FBF8A0002A484 /* BTRecommendArticleCell.m */; };
		006DF81C1E2D0DCE00169EB0 /* BTWeightCell.m in Sources */ = {isa = PBXBuildFile; fileRef = 006DF81B1E2D0DCE00169EB0 /* BTWeightCell.m */; };
		006DF81F1E2D1E9400169EB0 /* BTCurrentCourseCell.m in Sources */ = {isa = PBXBuildFile; fileRef = 006DF81E1E2D1E9400169EB0 /* BTCurrentCourseCell.m */; };
		007E561C1E1FCC6A001CFCD4 /* main.m in Sources */ = {isa = PBXBuildFile; fileRef = 007E561B1E1FCC6A001CFCD4 /* main.m */; };
		007E561F1E1FCC6A001CFCD4 /* AppDelegate.m in Sources */ = {isa = PBXBuildFile; fileRef = 007E561E1E1FCC6A001CFCD4 /* AppDelegate.m */; };
		007E56221E1FCC6A001CFCD4 /* ViewController.m in Sources */ = {isa = PBXBuildFile; fileRef = 007E56211E1FCC6A001CFCD4 /* ViewController.m */; };
		007E56251E1FCC6A001CFCD4 /* Main.storyboard in Resources */ = {isa = PBXBuildFile; fileRef = 007E56231E1FCC6A001CFCD4 /* Main.storyboard */; };
		007E56271E1FCC6A001CFCD4 /* Assets.xcassets in Resources */ = {isa = PBXBuildFile; fileRef = 007E56261E1FCC6A001CFCD4 /* Assets.xcassets */; };
		007E562A1E1FCC6A001CFCD4 /* LaunchScreen.storyboard in Resources */ = {isa = PBXBuildFile; fileRef = 007E56281E1FCC6A001CFCD4 /* LaunchScreen.storyboard */; };
		007E56351E1FE05D001CFCD4 /* BTTabBarController.m in Sources */ = {isa = PBXBuildFile; fileRef = 007E56341E1FE05D001CFCD4 /* BTTabBarController.m */; };
		007E56381E1FE1B6001CFCD4 /* BTNavigationController.m in Sources */ = {isa = PBXBuildFile; fileRef = 007E56371E1FE1B6001CFCD4 /* BTNavigationController.m */; };
		007E563B1E1FE2F9001CFCD4 /* BTLoginNavigationController.m in Sources */ = {isa = PBXBuildFile; fileRef = 007E563A1E1FE2F9001CFCD4 /* BTLoginNavigationController.m */; };
		007E563E1E1FF203001CFCD4 /* BTViewController.m in Sources */ = {isa = PBXBuildFile; fileRef = 007E563D1E1FF203001CFCD4 /* BTViewController.m */; };
		007E56411E1FF224001CFCD4 /* BTLoginViewController.m in Sources */ = {isa = PBXBuildFile; fileRef = 007E56401E1FF224001CFCD4 /* BTLoginViewController.m */; };
		00A0D1EC1E758EE200E03F8C /* BTUpdateWeightViewController.m in Sources */ = {isa = PBXBuildFile; fileRef = 00A0D1EB1E758EE200E03F8C /* BTUpdateWeightViewController.m */; };
		5C3F7F8D1E25C0C50057D831 /* BTDatePickerView.m in Sources */ = {isa = PBXBuildFile; fileRef = 5C3F7F8C1E25C0C50057D831 /* BTDatePickerView.m */; };
		5C3F7F8F1E25C1410057D831 /* BTDatePickerView.xib in Resources */ = {isa = PBXBuildFile; fileRef = 5C3F7F8E1E25C1410057D831 /* BTDatePickerView.xib */; };
		5C4030241E2C8FD400C25408 /* NSObject+Extension.m in Sources */ = {isa = PBXBuildFile; fileRef = 5C4030231E2C8FD400C25408 /* NSObject+Extension.m */; };
		5C4030271E2C94E700C25408 /* NSDate+Extension.m in Sources */ = {isa = PBXBuildFile; fileRef = 5C4030261E2C94E700C25408 /* NSDate+Extension.m */; };
		5C40302A1E2C97B400C25408 /* NSString+Extension.m in Sources */ = {isa = PBXBuildFile; fileRef = 5C4030291E2C97B400C25408 /* NSString+Extension.m */; };
		5C40302D1E2C98A400C25408 /* NSData+Extension.m in Sources */ = {isa = PBXBuildFile; fileRef = 5C40302C1E2C98A400C25408 /* NSData+Extension.m */; };
		5C4030301E2CC72C00C25408 /* UIImageView+Extension.m in Sources */ = {isa = PBXBuildFile; fileRef = 5C40302F1E2CC72C00C25408 /* UIImageView+Extension.m */; };
		5C4030341E2CD3C200C25408 /* BTPlanHomeViewController.m in Sources */ = {isa = PBXBuildFile; fileRef = 5C4030331E2CD3C200C25408 /* BTPlanHomeViewController.m */; };
		5C4136871E285F5000A25AE6 /* BTWeightPickerView.xib in Resources */ = {isa = PBXBuildFile; fileRef = 5C4136861E285F5000A25AE6 /* BTWeightPickerView.xib */; };
		5C41368A1E2899F800A25AE6 /* BTTagViewController.m in Sources */ = {isa = PBXBuildFile; fileRef = 5C4136891E2899F800A25AE6 /* BTTagViewController.m */; };
		5C41368D1E28C4B700A25AE6 /* BTTagCell.m in Sources */ = {isa = PBXBuildFile; fileRef = 5C41368C1E28C4B700A25AE6 /* BTTagCell.m */; };
		5C41508B1E2DC4C000046514 /* BTCourseHomeCalendarView.m in Sources */ = {isa = PBXBuildFile; fileRef = 5C41508A1E2DC4C000046514 /* BTCourseHomeCalendarView.m */; };
		5C41508D1E2DC4D500046514 /* BTCourseHomeCalendarView.xib in Resources */ = {isa = PBXBuildFile; fileRef = 5C41508C1E2DC4D500046514 /* BTCourseHomeCalendarView.xib */; };
		5C4150901E2DD05A00046514 /* NSArray+Extension.m in Sources */ = {isa = PBXBuildFile; fileRef = 5C41508F1E2DD05A00046514 /* NSArray+Extension.m */; };
		5C41E78E1E790B860060BC71 /* BTMainArticleCell.m in Sources */ = {isa = PBXBuildFile; fileRef = 5C41E78D1E790B860060BC71 /* BTMainArticleCell.m */; };
		5C41E7911E790F8F0060BC71 /* BTSecondaryArticleCell.m in Sources */ = {isa = PBXBuildFile; fileRef = 5C41E7901E790F8F0060BC71 /* BTSecondaryArticleCell.m */; };
		5C41E7951E7910450060BC71 /* BTArticleListViewController.m in Sources */ = {isa = PBXBuildFile; fileRef = 5C41E7941E7910450060BC71 /* BTArticleListViewController.m */; };
		5C4389A51E2329E5009C7C75 /* MBProgressHUD.m in Sources */ = {isa = PBXBuildFile; fileRef = 5C4389A41E2329E5009C7C75 /* MBProgressHUD.m */; };
		5C4389A91E232F40009C7C75 /* BTUser.m in Sources */ = {isa = PBXBuildFile; fileRef = 5C4389A81E232F40009C7C75 /* BTUser.m */; };
		5C439DC51E70F183008DD770 /* BTNoCourseCell.xib in Resources */ = {isa = PBXBuildFile; fileRef = 5C439DC41E70F183008DD770 /* BTNoCourseCell.xib */; };
		5C439DC71E710027008DD770 /* BTRecommendArticleCell.xib in Resources */ = {isa = PBXBuildFile; fileRef = 5C439DC61E710027008DD770 /* BTRecommendArticleCell.xib */; };
		5C439DC91E71079C008DD770 /* BTArticleCell.xib in Resources */ = {isa = PBXBuildFile; fileRef = 5C439DC81E71079C008DD770 /* BTArticleCell.xib */; };
		5C439DCC1E71250A008DD770 /* BTDynamicCell.xib in Resources */ = {isa = PBXBuildFile; fileRef = 5C439DCB1E712509008DD770 /* BTDynamicCell.xib */; };
		5C439DD01E712852008DD770 /* BTDynamicTitleCell.m in Sources */ = {isa = PBXBuildFile; fileRef = 5C439DCE1E712852008DD770 /* BTDynamicTitleCell.m */; };
		5C439DD11E712852008DD770 /* BTDynamicTitleCell.xib in Resources */ = {isa = PBXBuildFile; fileRef = 5C439DCF1E712852008DD770 /* BTDynamicTitleCell.xib */; };
		5C439DD41E71313F008DD770 /* BTDataCache.m in Sources */ = {isa = PBXBuildFile; fileRef = 5C439DD31E71313F008DD770 /* BTDataCache.m */; };
		5C45389E1E72A5E80025D983 /* BTListBottomCell.m in Sources */ = {isa = PBXBuildFile; fileRef = 5C45389C1E72A5E80025D983 /* BTListBottomCell.m */; };
		5C45389F1E72A5E80025D983 /* BTListBottomCell.xib in Resources */ = {isa = PBXBuildFile; fileRef = 5C45389D1E72A5E80025D983 /* BTListBottomCell.xib */; };
		5C4606441E6FFDA6009B0F52 /* Realm.framework in Frameworks */ = {isa = PBXBuildFile; fileRef = 5C5052431E67ED6F009DBA33 /* Realm.framework */; };
		5C4606451E6FFDA6009B0F52 /* Realm.framework in Embed Frameworks */ = {isa = PBXBuildFile; fileRef = 5C5052431E67ED6F009DBA33 /* Realm.framework */; settings = {ATTRIBUTES = (CodeSignOnCopy, RemoveHeadersOnCopy, ); }; };
		5C4606491E700836009B0F52 /* BTCourse.m in Sources */ = {isa = PBXBuildFile; fileRef = 5C4606481E700836009B0F52 /* BTCourse.m */; };
		5C50523C1E67BB9E009DBA33 /* BTCurrentCourseCell.xib in Resources */ = {isa = PBXBuildFile; fileRef = 5C50523B1E67BB9E009DBA33 /* BTCurrentCourseCell.xib */; };
		5C9A8EF11E3450540014D736 /* BTDynamicCell.m in Sources */ = {isa = PBXBuildFile; fileRef = 5C9A8EF01E3450540014D736 /* BTDynamicCell.m */; };
		5CCE4BB01E24A4F20010DDA5 /* BTPwdViewController.m in Sources */ = {isa = PBXBuildFile; fileRef = 5CCE4BAF1E24A4F20010DDA5 /* BTPwdViewController.m */; };
		5CCE4BB31E24C6C60010DDA5 /* BTInfoViewController.m in Sources */ = {isa = PBXBuildFile; fileRef = 5CCE4BB21E24C6C60010DDA5 /* BTInfoViewController.m */; };
		5CF1554C1E76771400DBC086 /* BTCourseViewController.m in Sources */ = {isa = PBXBuildFile; fileRef = 5CF1554B1E76771400DBC086 /* BTCourseViewController.m */; };
/* End PBXBuildFile section */

/* Begin PBXCopyFilesBuildPhase section */
		5C4606461E6FFDA6009B0F52 /* Embed Frameworks */ = {
			isa = PBXCopyFilesBuildPhase;
			buildActionMask = 2147483647;
			dstPath = "";
			dstSubfolderSpec = 10;
			files = (
				5C4606451E6FFDA6009B0F52 /* Realm.framework in Embed Frameworks */,
			);
			name = "Embed Frameworks";
			runOnlyForDeploymentPostprocessing = 0;
		};
/* End PBXCopyFilesBuildPhase section */

/* Begin PBXFileReference section */
		00053FDE1E210A0200067791 /* BTRegisterViewController.h */ = {isa = PBXFileReference; fileEncoding = 4; lastKnownFileType = sourcecode.c.h; path = BTRegisterViewController.h; sourceTree = "<group>"; };
		00053FDF1E210A0200067791 /* BTRegisterViewController.m */ = {isa = PBXFileReference; fileEncoding = 4; lastKnownFileType = sourcecode.c.objc; path = BTRegisterViewController.m; sourceTree = "<group>"; };
		00053FEC1E22587900067791 /* BTCaptchaViewController.h */ = {isa = PBXFileReference; fileEncoding = 4; lastKnownFileType = sourcecode.c.h; path = BTCaptchaViewController.h; sourceTree = "<group>"; };
		00053FED1E22587900067791 /* BTCaptchaViewController.m */ = {isa = PBXFileReference; fileEncoding = 4; lastKnownFileType = sourcecode.c.objc; path = BTCaptchaViewController.m; sourceTree = "<group>"; };
		00053FEF1E22825B00067791 /* BTCommon.h */ = {isa = PBXFileReference; fileEncoding = 4; lastKnownFileType = sourcecode.c.h; path = BTCommon.h; sourceTree = "<group>"; };
		00053FF01E22825B00067791 /* BTCommon.m */ = {isa = PBXFileReference; fileEncoding = 4; lastKnownFileType = sourcecode.c.objc; path = BTCommon.m; sourceTree = "<group>"; };
		00053FF51E27AF4300067791 /* BTHeightPickerView.h */ = {isa = PBXFileReference; fileEncoding = 4; lastKnownFileType = sourcecode.c.h; path = BTHeightPickerView.h; sourceTree = "<group>"; };
		00053FF61E27AF4300067791 /* BTHeightPickerView.m */ = {isa = PBXFileReference; fileEncoding = 4; lastKnownFileType = sourcecode.c.objc; path = BTHeightPickerView.m; sourceTree = "<group>"; };
		00053FFE1E27CE1400067791 /* BTWeightPickerView.h */ = {isa = PBXFileReference; fileEncoding = 4; lastKnownFileType = sourcecode.c.h; path = BTWeightPickerView.h; sourceTree = "<group>"; };
		00053FFF1E27CE1400067791 /* BTWeightPickerView.m */ = {isa = PBXFileReference; fileEncoding = 4; lastKnownFileType = sourcecode.c.objc; path = BTWeightPickerView.m; sourceTree = "<group>"; };
		000540011E27DA7C00067791 /* BTHeightPickerView.xib */ = {isa = PBXFileReference; fileEncoding = 4; lastKnownFileType = file.xib; path = BTHeightPickerView.xib; sourceTree = "<group>"; };
		004EC8BD1E797E760045048A /* BTArticleViewController.h */ = {isa = PBXFileReference; fileEncoding = 4; lastKnownFileType = sourcecode.c.h; path = BTArticleViewController.h; sourceTree = "<group>"; };
		004EC8BE1E797E760045048A /* BTArticleViewController.m */ = {isa = PBXFileReference; fileEncoding = 4; lastKnownFileType = sourcecode.c.objc; path = BTArticleViewController.m; sourceTree = "<group>"; };
		004F59211E30E1A000A9E522 /* BTArticleCell.h */ = {isa = PBXFileReference; fileEncoding = 4; lastKnownFileType = sourcecode.c.h; path = BTArticleCell.h; sourceTree = "<group>"; };
		004F59221E30E1A000A9E522 /* BTArticleCell.m */ = {isa = PBXFileReference; fileEncoding = 4; lastKnownFileType = sourcecode.c.objc; path = BTArticleCell.m; sourceTree = "<group>"; };
		0066B8741E66FE0D004169CB /* BTWeightCell.xib */ = {isa = PBXFileReference; fileEncoding = 4; lastKnownFileType = file.xib; path = BTWeightCell.xib; sourceTree = "<group>"; };
		0066D7311E758472006DB0D4 /* MJRefresh.bundle */ = {isa = PBXFileReference; lastKnownFileType = "wrapper.plug-in"; path = MJRefresh.bundle; sourceTree = "<group>"; };
		0066D7321E758472006DB0D4 /* MJRefresh.h */ = {isa = PBXFileReference; fileEncoding = 4; lastKnownFileType = sourcecode.c.h; path = MJRefresh.h; sourceTree = "<group>"; };
		0066D7331E758472006DB0D4 /* MJRefreshAutoFooter.h */ = {isa = PBXFileReference; fileEncoding = 4; lastKnownFileType = sourcecode.c.h; path = MJRefreshAutoFooter.h; sourceTree = "<group>"; };
		0066D7341E758472006DB0D4 /* MJRefreshAutoFooter.m */ = {isa = PBXFileReference; fileEncoding = 4; lastKnownFileType = sourcecode.c.objc; path = MJRefreshAutoFooter.m; sourceTree = "<group>"; };
		0066D7351E758472006DB0D4 /* MJRefreshAutoGifFooter.h */ = {isa = PBXFileReference; fileEncoding = 4; lastKnownFileType = sourcecode.c.h; path = MJRefreshAutoGifFooter.h; sourceTree = "<group>"; };
		0066D7361E758472006DB0D4 /* MJRefreshAutoGifFooter.m */ = {isa = PBXFileReference; fileEncoding = 4; lastKnownFileType = sourcecode.c.objc; path = MJRefreshAutoGifFooter.m; sourceTree = "<group>"; };
		0066D7371E758472006DB0D4 /* MJRefreshAutoNormalFooter.h */ = {isa = PBXFileReference; fileEncoding = 4; lastKnownFileType = sourcecode.c.h; path = MJRefreshAutoNormalFooter.h; sourceTree = "<group>"; };
		0066D7381E758472006DB0D4 /* MJRefreshAutoNormalFooter.m */ = {isa = PBXFileReference; fileEncoding = 4; lastKnownFileType = sourcecode.c.objc; path = MJRefreshAutoNormalFooter.m; sourceTree = "<group>"; };
		0066D7391E758472006DB0D4 /* MJRefreshAutoStateFooter.h */ = {isa = PBXFileReference; fileEncoding = 4; lastKnownFileType = sourcecode.c.h; path = MJRefreshAutoStateFooter.h; sourceTree = "<group>"; };
		0066D73A1E758472006DB0D4 /* MJRefreshAutoStateFooter.m */ = {isa = PBXFileReference; fileEncoding = 4; lastKnownFileType = sourcecode.c.objc; path = MJRefreshAutoStateFooter.m; sourceTree = "<group>"; };
		0066D73B1E758472006DB0D4 /* MJRefreshBackFooter.h */ = {isa = PBXFileReference; fileEncoding = 4; lastKnownFileType = sourcecode.c.h; path = MJRefreshBackFooter.h; sourceTree = "<group>"; };
		0066D73C1E758472006DB0D4 /* MJRefreshBackFooter.m */ = {isa = PBXFileReference; fileEncoding = 4; lastKnownFileType = sourcecode.c.objc; path = MJRefreshBackFooter.m; sourceTree = "<group>"; };
		0066D73D1E758472006DB0D4 /* MJRefreshBackGifFooter.h */ = {isa = PBXFileReference; fileEncoding = 4; lastKnownFileType = sourcecode.c.h; path = MJRefreshBackGifFooter.h; sourceTree = "<group>"; };
		0066D73E1E758472006DB0D4 /* MJRefreshBackGifFooter.m */ = {isa = PBXFileReference; fileEncoding = 4; lastKnownFileType = sourcecode.c.objc; path = MJRefreshBackGifFooter.m; sourceTree = "<group>"; };
		0066D73F1E758472006DB0D4 /* MJRefreshBackNormalFooter.h */ = {isa = PBXFileReference; fileEncoding = 4; lastKnownFileType = sourcecode.c.h; path = MJRefreshBackNormalFooter.h; sourceTree = "<group>"; };
		0066D7401E758472006DB0D4 /* MJRefreshBackNormalFooter.m */ = {isa = PBXFileReference; fileEncoding = 4; lastKnownFileType = sourcecode.c.objc; path = MJRefreshBackNormalFooter.m; sourceTree = "<group>"; };
		0066D7411E758472006DB0D4 /* MJRefreshBackStateFooter.h */ = {isa = PBXFileReference; fileEncoding = 4; lastKnownFileType = sourcecode.c.h; path = MJRefreshBackStateFooter.h; sourceTree = "<group>"; };
		0066D7421E758472006DB0D4 /* MJRefreshBackStateFooter.m */ = {isa = PBXFileReference; fileEncoding = 4; lastKnownFileType = sourcecode.c.objc; path = MJRefreshBackStateFooter.m; sourceTree = "<group>"; };
		0066D7431E758472006DB0D4 /* MJRefreshComponent.h */ = {isa = PBXFileReference; fileEncoding = 4; lastKnownFileType = sourcecode.c.h; path = MJRefreshComponent.h; sourceTree = "<group>"; };
		0066D7441E758472006DB0D4 /* MJRefreshComponent.m */ = {isa = PBXFileReference; fileEncoding = 4; lastKnownFileType = sourcecode.c.objc; path = MJRefreshComponent.m; sourceTree = "<group>"; };
		0066D7451E758472006DB0D4 /* MJRefreshConst.h */ = {isa = PBXFileReference; fileEncoding = 4; lastKnownFileType = sourcecode.c.h; path = MJRefreshConst.h; sourceTree = "<group>"; };
		0066D7461E758472006DB0D4 /* MJRefreshConst.m */ = {isa = PBXFileReference; fileEncoding = 4; lastKnownFileType = sourcecode.c.objc; path = MJRefreshConst.m; sourceTree = "<group>"; };
		0066D7471E758472006DB0D4 /* MJRefreshFooter.h */ = {isa = PBXFileReference; fileEncoding = 4; lastKnownFileType = sourcecode.c.h; path = MJRefreshFooter.h; sourceTree = "<group>"; };
		0066D7481E758472006DB0D4 /* MJRefreshFooter.m */ = {isa = PBXFileReference; fileEncoding = 4; lastKnownFileType = sourcecode.c.objc; path = MJRefreshFooter.m; sourceTree = "<group>"; };
		0066D7491E758472006DB0D4 /* MJRefreshGifHeader.h */ = {isa = PBXFileReference; fileEncoding = 4; lastKnownFileType = sourcecode.c.h; path = MJRefreshGifHeader.h; sourceTree = "<group>"; };
		0066D74A1E758472006DB0D4 /* MJRefreshGifHeader.m */ = {isa = PBXFileReference; fileEncoding = 4; lastKnownFileType = sourcecode.c.objc; path = MJRefreshGifHeader.m; sourceTree = "<group>"; };
		0066D74B1E758472006DB0D4 /* MJRefreshHeader.h */ = {isa = PBXFileReference; fileEncoding = 4; lastKnownFileType = sourcecode.c.h; path = MJRefreshHeader.h; sourceTree = "<group>"; };
		0066D74C1E758472006DB0D4 /* MJRefreshHeader.m */ = {isa = PBXFileReference; fileEncoding = 4; lastKnownFileType = sourcecode.c.objc; path = MJRefreshHeader.m; sourceTree = "<group>"; };
		0066D74D1E758472006DB0D4 /* MJRefreshNormalHeader.h */ = {isa = PBXFileReference; fileEncoding = 4; lastKnownFileType = sourcecode.c.h; path = MJRefreshNormalHeader.h; sourceTree = "<group>"; };
		0066D74E1E758472006DB0D4 /* MJRefreshNormalHeader.m */ = {isa = PBXFileReference; fileEncoding = 4; lastKnownFileType = sourcecode.c.objc; path = MJRefreshNormalHeader.m; sourceTree = "<group>"; };
		0066D74F1E758472006DB0D4 /* MJRefreshStateHeader.h */ = {isa = PBXFileReference; fileEncoding = 4; lastKnownFileType = sourcecode.c.h; path = MJRefreshStateHeader.h; sourceTree = "<group>"; };
		0066D7501E758472006DB0D4 /* MJRefreshStateHeader.m */ = {isa = PBXFileReference; fileEncoding = 4; lastKnownFileType = sourcecode.c.objc; path = MJRefreshStateHeader.m; sourceTree = "<group>"; };
		0066D7511E758472006DB0D4 /* NSBundle+MJRefresh.h */ = {isa = PBXFileReference; fileEncoding = 4; lastKnownFileType = sourcecode.c.h; path = "NSBundle+MJRefresh.h"; sourceTree = "<group>"; };
		0066D7521E758472006DB0D4 /* NSBundle+MJRefresh.m */ = {isa = PBXFileReference; fileEncoding = 4; lastKnownFileType = sourcecode.c.objc; path = "NSBundle+MJRefresh.m"; sourceTree = "<group>"; };
		0066D7531E758472006DB0D4 /* UIScrollView+MJExtension.h */ = {isa = PBXFileReference; fileEncoding = 4; lastKnownFileType = sourcecode.c.h; path = "UIScrollView+MJExtension.h"; sourceTree = "<group>"; };
		0066D7541E758472006DB0D4 /* UIScrollView+MJExtension.m */ = {isa = PBXFileReference; fileEncoding = 4; lastKnownFileType = sourcecode.c.objc; path = "UIScrollView+MJExtension.m"; sourceTree = "<group>"; };
		0066D7551E758472006DB0D4 /* UIScrollView+MJRefresh.h */ = {isa = PBXFileReference; fileEncoding = 4; lastKnownFileType = sourcecode.c.h; path = "UIScrollView+MJRefresh.h"; sourceTree = "<group>"; };
		0066D7561E758472006DB0D4 /* UIScrollView+MJRefresh.m */ = {isa = PBXFileReference; fileEncoding = 4; lastKnownFileType = sourcecode.c.objc; path = "UIScrollView+MJRefresh.m"; sourceTree = "<group>"; };
		0066D7571E758472006DB0D4 /* UIView+MJExtension.h */ = {isa = PBXFileReference; fileEncoding = 4; lastKnownFileType = sourcecode.c.h; path = "UIView+MJExtension.h"; sourceTree = "<group>"; };
		0066D7581E758472006DB0D4 /* UIView+MJExtension.m */ = {isa = PBXFileReference; fileEncoding = 4; lastKnownFileType = sourcecode.c.objc; path = "UIView+MJExtension.m"; sourceTree = "<group>"; };
		006A3DF91E29FD5C00BD4F10 /* BTConfirmCourseViewController.h */ = {isa = PBXFileReference; fileEncoding = 4; lastKnownFileType = sourcecode.c.h; path = BTConfirmCourseViewController.h; sourceTree = "<group>"; };
		006A3DFA1E29FD5C00BD4F10 /* BTConfirmCourseViewController.m */ = {isa = PBXFileReference; fileEncoding = 4; lastKnownFileType = sourcecode.c.objc; path = BTConfirmCourseViewController.m; sourceTree = "<group>"; };
		006B2A441E2F780D0002A484 /* BTNoCourseCell.h */ = {isa = PBXFileReference; fileEncoding = 4; lastKnownFileType = sourcecode.c.h; path = BTNoCourseCell.h; sourceTree = "<group>"; };
		006B2A451E2F780D0002A484 /* BTNoCourseCell.m */ = {isa = PBXFileReference; fileEncoding = 4; lastKnownFileType = sourcecode.c.objc; path = BTNoCourseCell.m; sourceTree = "<group>"; };
		006B2A471E2FBF8A0002A484 /* BTRecommendArticleCell.h */ = {isa = PBXFileReference; fileEncoding = 4; lastKnownFileType = sourcecode.c.h; path = BTRecommendArticleCell.h; sourceTree = "<group>"; };
		006B2A481E2FBF8A0002A484 /* BTRecommendArticleCell.m */ = {isa = PBXFileReference; fileEncoding = 4; lastKnownFileType = sourcecode.c.objc; path = BTRecommendArticleCell.m; sourceTree = "<group>"; };
		006DF81A1E2D0DCE00169EB0 /* BTWeightCell.h */ = {isa = PBXFileReference; fileEncoding = 4; lastKnownFileType = sourcecode.c.h; path = BTWeightCell.h; sourceTree = "<group>"; };
		006DF81B1E2D0DCE00169EB0 /* BTWeightCell.m */ = {isa = PBXFileReference; fileEncoding = 4; lastKnownFileType = sourcecode.c.objc; path = BTWeightCell.m; sourceTree = "<group>"; };
		006DF81D1E2D1E9400169EB0 /* BTCurrentCourseCell.h */ = {isa = PBXFileReference; fileEncoding = 4; lastKnownFileType = sourcecode.c.h; path = BTCurrentCourseCell.h; sourceTree = "<group>"; };
		006DF81E1E2D1E9400169EB0 /* BTCurrentCourseCell.m */ = {isa = PBXFileReference; fileEncoding = 4; lastKnownFileType = sourcecode.c.objc; path = BTCurrentCourseCell.m; sourceTree = "<group>"; };
		007E56171E1FCC6A001CFCD4 /* bt.app */ = {isa = PBXFileReference; explicitFileType = wrapper.application; includeInIndex = 0; path = bt.app; sourceTree = BUILT_PRODUCTS_DIR; };
		007E561B1E1FCC6A001CFCD4 /* main.m */ = {isa = PBXFileReference; lastKnownFileType = sourcecode.c.objc; path = main.m; sourceTree = "<group>"; };
		007E561D1E1FCC6A001CFCD4 /* AppDelegate.h */ = {isa = PBXFileReference; lastKnownFileType = sourcecode.c.h; path = AppDelegate.h; sourceTree = "<group>"; };
		007E561E1E1FCC6A001CFCD4 /* AppDelegate.m */ = {isa = PBXFileReference; lastKnownFileType = sourcecode.c.objc; path = AppDelegate.m; sourceTree = "<group>"; };
		007E56201E1FCC6A001CFCD4 /* ViewController.h */ = {isa = PBXFileReference; lastKnownFileType = sourcecode.c.h; path = ViewController.h; sourceTree = "<group>"; };
		007E56211E1FCC6A001CFCD4 /* ViewController.m */ = {isa = PBXFileReference; lastKnownFileType = sourcecode.c.objc; path = ViewController.m; sourceTree = "<group>"; };
		007E56241E1FCC6A001CFCD4 /* Base */ = {isa = PBXFileReference; lastKnownFileType = file.storyboard; name = Base; path = Base.lproj/Main.storyboard; sourceTree = "<group>"; };
		007E56261E1FCC6A001CFCD4 /* Assets.xcassets */ = {isa = PBXFileReference; lastKnownFileType = folder.assetcatalog; path = Assets.xcassets; sourceTree = "<group>"; };
		007E56291E1FCC6A001CFCD4 /* Base */ = {isa = PBXFileReference; lastKnownFileType = file.storyboard; name = Base; path = Base.lproj/LaunchScreen.storyboard; sourceTree = "<group>"; };
		007E562B1E1FCC6A001CFCD4 /* Info.plist */ = {isa = PBXFileReference; lastKnownFileType = text.plist.xml; path = Info.plist; sourceTree = "<group>"; };
		007E56331E1FE05D001CFCD4 /* BTTabBarController.h */ = {isa = PBXFileReference; fileEncoding = 4; lastKnownFileType = sourcecode.c.h; path = BTTabBarController.h; sourceTree = "<group>"; };
		007E56341E1FE05D001CFCD4 /* BTTabBarController.m */ = {isa = PBXFileReference; fileEncoding = 4; lastKnownFileType = sourcecode.c.objc; path = BTTabBarController.m; sourceTree = "<group>"; };
		007E56361E1FE1B6001CFCD4 /* BTNavigationController.h */ = {isa = PBXFileReference; fileEncoding = 4; lastKnownFileType = sourcecode.c.h; path = BTNavigationController.h; sourceTree = "<group>"; };
		007E56371E1FE1B6001CFCD4 /* BTNavigationController.m */ = {isa = PBXFileReference; fileEncoding = 4; lastKnownFileType = sourcecode.c.objc; path = BTNavigationController.m; sourceTree = "<group>"; };
		007E56391E1FE2F9001CFCD4 /* BTLoginNavigationController.h */ = {isa = PBXFileReference; fileEncoding = 4; lastKnownFileType = sourcecode.c.h; path = BTLoginNavigationController.h; sourceTree = "<group>"; };
		007E563A1E1FE2F9001CFCD4 /* BTLoginNavigationController.m */ = {isa = PBXFileReference; fileEncoding = 4; lastKnownFileType = sourcecode.c.objc; path = BTLoginNavigationController.m; sourceTree = "<group>"; };
		007E563C1E1FF203001CFCD4 /* BTViewController.h */ = {isa = PBXFileReference; fileEncoding = 4; lastKnownFileType = sourcecode.c.h; path = BTViewController.h; sourceTree = "<group>"; };
		007E563D1E1FF203001CFCD4 /* BTViewController.m */ = {isa = PBXFileReference; fileEncoding = 4; lastKnownFileType = sourcecode.c.objc; path = BTViewController.m; sourceTree = "<group>"; };
		007E563F1E1FF224001CFCD4 /* BTLoginViewController.h */ = {isa = PBXFileReference; fileEncoding = 4; lastKnownFileType = sourcecode.c.h; path = BTLoginViewController.h; sourceTree = "<group>"; };
		007E56401E1FF224001CFCD4 /* BTLoginViewController.m */ = {isa = PBXFileReference; fileEncoding = 4; lastKnownFileType = sourcecode.c.objc; path = BTLoginViewController.m; sourceTree = "<group>"; };
		00A0D1EA1E758EE200E03F8C /* BTUpdateWeightViewController.h */ = {isa = PBXFileReference; fileEncoding = 4; lastKnownFileType = sourcecode.c.h; path = BTUpdateWeightViewController.h; sourceTree = "<group>"; };
		00A0D1EB1E758EE200E03F8C /* BTUpdateWeightViewController.m */ = {isa = PBXFileReference; fileEncoding = 4; lastKnownFileType = sourcecode.c.objc; path = BTUpdateWeightViewController.m; sourceTree = "<group>"; };
		5C3F7F8B1E25C0C50057D831 /* BTDatePickerView.h */ = {isa = PBXFileReference; fileEncoding = 4; lastKnownFileType = sourcecode.c.h; path = BTDatePickerView.h; sourceTree = "<group>"; };
		5C3F7F8C1E25C0C50057D831 /* BTDatePickerView.m */ = {isa = PBXFileReference; fileEncoding = 4; lastKnownFileType = sourcecode.c.objc; path = BTDatePickerView.m; sourceTree = "<group>"; };
		5C3F7F8E1E25C1410057D831 /* BTDatePickerView.xib */ = {isa = PBXFileReference; fileEncoding = 4; lastKnownFileType = file.xib; path = BTDatePickerView.xib; sourceTree = "<group>"; };
		5C4030221E2C8FD400C25408 /* NSObject+Extension.h */ = {isa = PBXFileReference; fileEncoding = 4; lastKnownFileType = sourcecode.c.h; path = "NSObject+Extension.h"; sourceTree = "<group>"; };
		5C4030231E2C8FD400C25408 /* NSObject+Extension.m */ = {isa = PBXFileReference; fileEncoding = 4; lastKnownFileType = sourcecode.c.objc; path = "NSObject+Extension.m"; sourceTree = "<group>"; };
		5C4030251E2C94E700C25408 /* NSDate+Extension.h */ = {isa = PBXFileReference; fileEncoding = 4; lastKnownFileType = sourcecode.c.h; path = "NSDate+Extension.h"; sourceTree = "<group>"; };
		5C4030261E2C94E700C25408 /* NSDate+Extension.m */ = {isa = PBXFileReference; fileEncoding = 4; lastKnownFileType = sourcecode.c.objc; path = "NSDate+Extension.m"; sourceTree = "<group>"; };
		5C4030281E2C97B400C25408 /* NSString+Extension.h */ = {isa = PBXFileReference; fileEncoding = 4; lastKnownFileType = sourcecode.c.h; path = "NSString+Extension.h"; sourceTree = "<group>"; };
		5C4030291E2C97B400C25408 /* NSString+Extension.m */ = {isa = PBXFileReference; fileEncoding = 4; lastKnownFileType = sourcecode.c.objc; path = "NSString+Extension.m"; sourceTree = "<group>"; };
		5C40302B1E2C98A400C25408 /* NSData+Extension.h */ = {isa = PBXFileReference; fileEncoding = 4; lastKnownFileType = sourcecode.c.h; path = "NSData+Extension.h"; sourceTree = "<group>"; };
		5C40302C1E2C98A400C25408 /* NSData+Extension.m */ = {isa = PBXFileReference; fileEncoding = 4; lastKnownFileType = sourcecode.c.objc; path = "NSData+Extension.m"; sourceTree = "<group>"; };
		5C40302E1E2CC72C00C25408 /* UIImageView+Extension.h */ = {isa = PBXFileReference; fileEncoding = 4; lastKnownFileType = sourcecode.c.h; path = "UIImageView+Extension.h"; sourceTree = "<group>"; };
		5C40302F1E2CC72C00C25408 /* UIImageView+Extension.m */ = {isa = PBXFileReference; fileEncoding = 4; lastKnownFileType = sourcecode.c.objc; path = "UIImageView+Extension.m"; sourceTree = "<group>"; };
		5C4030321E2CD3C200C25408 /* BTPlanHomeViewController.h */ = {isa = PBXFileReference; fileEncoding = 4; lastKnownFileType = sourcecode.c.h; path = BTPlanHomeViewController.h; sourceTree = "<group>"; };
		5C4030331E2CD3C200C25408 /* BTPlanHomeViewController.m */ = {isa = PBXFileReference; fileEncoding = 4; lastKnownFileType = sourcecode.c.objc; path = BTPlanHomeViewController.m; sourceTree = "<group>"; };
		5C4136861E285F5000A25AE6 /* BTWeightPickerView.xib */ = {isa = PBXFileReference; fileEncoding = 4; lastKnownFileType = file.xib; path = BTWeightPickerView.xib; sourceTree = "<group>"; };
		5C4136881E2899F800A25AE6 /* BTTagViewController.h */ = {isa = PBXFileReference; fileEncoding = 4; lastKnownFileType = sourcecode.c.h; path = BTTagViewController.h; sourceTree = "<group>"; };
		5C4136891E2899F800A25AE6 /* BTTagViewController.m */ = {isa = PBXFileReference; fileEncoding = 4; lastKnownFileType = sourcecode.c.objc; path = BTTagViewController.m; sourceTree = "<group>"; };
		5C41368B1E28C4B700A25AE6 /* BTTagCell.h */ = {isa = PBXFileReference; fileEncoding = 4; lastKnownFileType = sourcecode.c.h; path = BTTagCell.h; sourceTree = "<group>"; };
		5C41368C1E28C4B700A25AE6 /* BTTagCell.m */ = {isa = PBXFileReference; fileEncoding = 4; lastKnownFileType = sourcecode.c.objc; path = BTTagCell.m; sourceTree = "<group>"; };
		5C4150891E2DC4C000046514 /* BTCourseHomeCalendarView.h */ = {isa = PBXFileReference; fileEncoding = 4; lastKnownFileType = sourcecode.c.h; path = BTCourseHomeCalendarView.h; sourceTree = "<group>"; };
		5C41508A1E2DC4C000046514 /* BTCourseHomeCalendarView.m */ = {isa = PBXFileReference; fileEncoding = 4; lastKnownFileType = sourcecode.c.objc; path = BTCourseHomeCalendarView.m; sourceTree = "<group>"; };
		5C41508C1E2DC4D500046514 /* BTCourseHomeCalendarView.xib */ = {isa = PBXFileReference; fileEncoding = 4; lastKnownFileType = file.xib; path = BTCourseHomeCalendarView.xib; sourceTree = "<group>"; };
		5C41508E1E2DD05A00046514 /* NSArray+Extension.h */ = {isa = PBXFileReference; fileEncoding = 4; lastKnownFileType = sourcecode.c.h; path = "NSArray+Extension.h"; sourceTree = "<group>"; };
		5C41508F1E2DD05A00046514 /* NSArray+Extension.m */ = {isa = PBXFileReference; fileEncoding = 4; lastKnownFileType = sourcecode.c.objc; path = "NSArray+Extension.m"; sourceTree = "<group>"; };
		5C41E78C1E790B860060BC71 /* BTMainArticleCell.h */ = {isa = PBXFileReference; fileEncoding = 4; lastKnownFileType = sourcecode.c.h; path = BTMainArticleCell.h; sourceTree = "<group>"; };
		5C41E78D1E790B860060BC71 /* BTMainArticleCell.m */ = {isa = PBXFileReference; fileEncoding = 4; lastKnownFileType = sourcecode.c.objc; path = BTMainArticleCell.m; sourceTree = "<group>"; };
		5C41E78F1E790F8F0060BC71 /* BTSecondaryArticleCell.h */ = {isa = PBXFileReference; fileEncoding = 4; lastKnownFileType = sourcecode.c.h; path = BTSecondaryArticleCell.h; sourceTree = "<group>"; };
		5C41E7901E790F8F0060BC71 /* BTSecondaryArticleCell.m */ = {isa = PBXFileReference; fileEncoding = 4; lastKnownFileType = sourcecode.c.objc; path = BTSecondaryArticleCell.m; sourceTree = "<group>"; };
		5C41E7931E7910450060BC71 /* BTArticleListViewController.h */ = {isa = PBXFileReference; fileEncoding = 4; lastKnownFileType = sourcecode.c.h; path = BTArticleListViewController.h; sourceTree = "<group>"; };
		5C41E7941E7910450060BC71 /* BTArticleListViewController.m */ = {isa = PBXFileReference; fileEncoding = 4; lastKnownFileType = sourcecode.c.objc; path = BTArticleListViewController.m; sourceTree = "<group>"; };
		5C4389A31E2329E5009C7C75 /* MBProgressHUD.h */ = {isa = PBXFileReference; fileEncoding = 4; lastKnownFileType = sourcecode.c.h; path = MBProgressHUD.h; sourceTree = "<group>"; };
		5C4389A41E2329E5009C7C75 /* MBProgressHUD.m */ = {isa = PBXFileReference; fileEncoding = 4; lastKnownFileType = sourcecode.c.objc; path = MBProgressHUD.m; sourceTree = "<group>"; };
		5C4389A71E232F40009C7C75 /* BTUser.h */ = {isa = PBXFileReference; fileEncoding = 4; lastKnownFileType = sourcecode.c.h; path = BTUser.h; sourceTree = "<group>"; };
		5C4389A81E232F40009C7C75 /* BTUser.m */ = {isa = PBXFileReference; fileEncoding = 4; lastKnownFileType = sourcecode.c.objc; path = BTUser.m; sourceTree = "<group>"; };
		5C439DC41E70F183008DD770 /* BTNoCourseCell.xib */ = {isa = PBXFileReference; fileEncoding = 4; lastKnownFileType = file.xib; path = BTNoCourseCell.xib; sourceTree = "<group>"; };
		5C439DC61E710027008DD770 /* BTRecommendArticleCell.xib */ = {isa = PBXFileReference; fileEncoding = 4; lastKnownFileType = file.xib; path = BTRecommendArticleCell.xib; sourceTree = "<group>"; };
		5C439DC81E71079C008DD770 /* BTArticleCell.xib */ = {isa = PBXFileReference; fileEncoding = 4; lastKnownFileType = file.xib; path = BTArticleCell.xib; sourceTree = "<group>"; };
		5C439DCB1E712509008DD770 /* BTDynamicCell.xib */ = {isa = PBXFileReference; fileEncoding = 4; lastKnownFileType = file.xib; path = BTDynamicCell.xib; sourceTree = "<group>"; };
		5C439DCD1E712852008DD770 /* BTDynamicTitleCell.h */ = {isa = PBXFileReference; fileEncoding = 4; lastKnownFileType = sourcecode.c.h; path = BTDynamicTitleCell.h; sourceTree = "<group>"; };
		5C439DCE1E712852008DD770 /* BTDynamicTitleCell.m */ = {isa = PBXFileReference; fileEncoding = 4; lastKnownFileType = sourcecode.c.objc; path = BTDynamicTitleCell.m; sourceTree = "<group>"; };
		5C439DCF1E712852008DD770 /* BTDynamicTitleCell.xib */ = {isa = PBXFileReference; fileEncoding = 4; lastKnownFileType = file.xib; path = BTDynamicTitleCell.xib; sourceTree = "<group>"; };
		5C439DD21E71313F008DD770 /* BTDataCache.h */ = {isa = PBXFileReference; fileEncoding = 4; lastKnownFileType = sourcecode.c.h; path = BTDataCache.h; sourceTree = "<group>"; };
		5C439DD31E71313F008DD770 /* BTDataCache.m */ = {isa = PBXFileReference; fileEncoding = 4; lastKnownFileType = sourcecode.c.objc; path = BTDataCache.m; sourceTree = "<group>"; };
		5C45389B1E72A5E80025D983 /* BTListBottomCell.h */ = {isa = PBXFileReference; fileEncoding = 4; lastKnownFileType = sourcecode.c.h; path = BTListBottomCell.h; sourceTree = "<group>"; };
		5C45389C1E72A5E80025D983 /* BTListBottomCell.m */ = {isa = PBXFileReference; fileEncoding = 4; lastKnownFileType = sourcecode.c.objc; path = BTListBottomCell.m; sourceTree = "<group>"; };
		5C45389D1E72A5E80025D983 /* BTListBottomCell.xib */ = {isa = PBXFileReference; fileEncoding = 4; lastKnownFileType = file.xib; path = BTListBottomCell.xib; sourceTree = "<group>"; };
		5C4606471E700836009B0F52 /* BTCourse.h */ = {isa = PBXFileReference; fileEncoding = 4; lastKnownFileType = sourcecode.c.h; path = BTCourse.h; sourceTree = "<group>"; };
		5C4606481E700836009B0F52 /* BTCourse.m */ = {isa = PBXFileReference; fileEncoding = 4; lastKnownFileType = sourcecode.c.objc; path = BTCourse.m; sourceTree = "<group>"; };
		5C50523B1E67BB9E009DBA33 /* BTCurrentCourseCell.xib */ = {isa = PBXFileReference; fileEncoding = 4; lastKnownFileType = file.xib; path = BTCurrentCourseCell.xib; sourceTree = "<group>"; };
		5C5052431E67ED6F009DBA33 /* Realm.framework */ = {isa = PBXFileReference; lastKnownFileType = wrapper.framework; path = Realm.framework; sourceTree = "<group>"; };
		5C9A8EEF1E3450540014D736 /* BTDynamicCell.h */ = {isa = PBXFileReference; fileEncoding = 4; lastKnownFileType = sourcecode.c.h; path = BTDynamicCell.h; sourceTree = "<group>"; };
		5C9A8EF01E3450540014D736 /* BTDynamicCell.m */ = {isa = PBXFileReference; fileEncoding = 4; lastKnownFileType = sourcecode.c.objc; path = BTDynamicCell.m; sourceTree = "<group>"; };
		5CCE4BAE1E24A4F20010DDA5 /* BTPwdViewController.h */ = {isa = PBXFileReference; fileEncoding = 4; lastKnownFileType = sourcecode.c.h; path = BTPwdViewController.h; sourceTree = "<group>"; };
		5CCE4BAF1E24A4F20010DDA5 /* BTPwdViewController.m */ = {isa = PBXFileReference; fileEncoding = 4; lastKnownFileType = sourcecode.c.objc; path = BTPwdViewController.m; sourceTree = "<group>"; };
		5CCE4BB11E24C6C60010DDA5 /* BTInfoViewController.h */ = {isa = PBXFileReference; fileEncoding = 4; lastKnownFileType = sourcecode.c.h; path = BTInfoViewController.h; sourceTree = "<group>"; };
		5CCE4BB21E24C6C60010DDA5 /* BTInfoViewController.m */ = {isa = PBXFileReference; fileEncoding = 4; lastKnownFileType = sourcecode.c.objc; path = BTInfoViewController.m; sourceTree = "<group>"; };
		5CF1554A1E76771400DBC086 /* BTCourseViewController.h */ = {isa = PBXFileReference; fileEncoding = 4; lastKnownFileType = sourcecode.c.h; path = BTCourseViewController.h; sourceTree = "<group>"; };
		5CF1554B1E76771400DBC086 /* BTCourseViewController.m */ = {isa = PBXFileReference; fileEncoding = 4; lastKnownFileType = sourcecode.c.objc; path = BTCourseViewController.m; sourceTree = "<group>"; };
/* End PBXFileReference section */

/* Begin PBXFrameworksBuildPhase section */
		007E56141E1FCC6A001CFCD4 /* Frameworks */ = {
			isa = PBXFrameworksBuildPhase;
			buildActionMask = 2147483647;
			files = (
				5C4606441E6FFDA6009B0F52 /* Realm.framework in Frameworks */,
			);
			runOnlyForDeploymentPostprocessing = 0;
		};
/* End PBXFrameworksBuildPhase section */

/* Begin PBXGroup section */
		00053FE11E21155600067791 /* login */ = {
			isa = PBXGroup;
			children = (
				007E56391E1FE2F9001CFCD4 /* BTLoginNavigationController.h */,
				007E563A1E1FE2F9001CFCD4 /* BTLoginNavigationController.m */,
				007E563F1E1FF224001CFCD4 /* BTLoginViewController.h */,
				007E56401E1FF224001CFCD4 /* BTLoginViewController.m */,
				00053FDE1E210A0200067791 /* BTRegisterViewController.h */,
				00053FDF1E210A0200067791 /* BTRegisterViewController.m */,
				00053FEC1E22587900067791 /* BTCaptchaViewController.h */,
				00053FED1E22587900067791 /* BTCaptchaViewController.m */,
				5CCE4BAE1E24A4F20010DDA5 /* BTPwdViewController.h */,
				5CCE4BAF1E24A4F20010DDA5 /* BTPwdViewController.m */,
				5CCE4BB11E24C6C60010DDA5 /* BTInfoViewController.h */,
				5CCE4BB21E24C6C60010DDA5 /* BTInfoViewController.m */,
				5C4136881E2899F800A25AE6 /* BTTagViewController.h */,
				5C4136891E2899F800A25AE6 /* BTTagViewController.m */,
				006A3DF91E29FD5C00BD4F10 /* BTConfirmCourseViewController.h */,
				006A3DFA1E29FD5C00BD4F10 /* BTConfirmCourseViewController.m */,
			);
			name = login;
			sourceTree = "<group>";
		};
		005112DD1E72E5430097CEF3 /* MBProgressHUD */ = {
			isa = PBXGroup;
			children = (
				5C4389A31E2329E5009C7C75 /* MBProgressHUD.h */,
				5C4389A41E2329E5009C7C75 /* MBProgressHUD.m */,
			);
			name = MBProgressHUD;
			path = bt;
			sourceTree = "<group>";
		};
		0066B8761E66FE1A004169CB /* login */ = {
			isa = PBXGroup;
			children = (
				5C3F7F8B1E25C0C50057D831 /* BTDatePickerView.h */,
				5C3F7F8C1E25C0C50057D831 /* BTDatePickerView.m */,
				5C3F7F8E1E25C1410057D831 /* BTDatePickerView.xib */,
				00053FF51E27AF4300067791 /* BTHeightPickerView.h */,
				00053FF61E27AF4300067791 /* BTHeightPickerView.m */,
				000540011E27DA7C00067791 /* BTHeightPickerView.xib */,
				00053FFE1E27CE1400067791 /* BTWeightPickerView.h */,
				00053FFF1E27CE1400067791 /* BTWeightPickerView.m */,
				5C4136861E285F5000A25AE6 /* BTWeightPickerView.xib */,
				5C41368B1E28C4B700A25AE6 /* BTTagCell.h */,
				5C41368C1E28C4B700A25AE6 /* BTTagCell.m */,
			);
			name = login;
			sourceTree = "<group>";
		};
		0066B8771E66FE21004169CB /* plan */ = {
			isa = PBXGroup;
			children = (
				006DF81A1E2D0DCE00169EB0 /* BTWeightCell.h */,
				006DF81B1E2D0DCE00169EB0 /* BTWeightCell.m */,
				0066B8741E66FE0D004169CB /* BTWeightCell.xib */,
				006DF81D1E2D1E9400169EB0 /* BTCurrentCourseCell.h */,
				006DF81E1E2D1E9400169EB0 /* BTCurrentCourseCell.m */,
				5C50523B1E67BB9E009DBA33 /* BTCurrentCourseCell.xib */,
				5C4150891E2DC4C000046514 /* BTCourseHomeCalendarView.h */,
				5C41508A1E2DC4C000046514 /* BTCourseHomeCalendarView.m */,
				5C41508C1E2DC4D500046514 /* BTCourseHomeCalendarView.xib */,
				006B2A441E2F780D0002A484 /* BTNoCourseCell.h */,
				006B2A451E2F780D0002A484 /* BTNoCourseCell.m */,
				5C439DC41E70F183008DD770 /* BTNoCourseCell.xib */,
				006B2A471E2FBF8A0002A484 /* BTRecommendArticleCell.h */,
				006B2A481E2FBF8A0002A484 /* BTRecommendArticleCell.m */,
				5C439DC61E710027008DD770 /* BTRecommendArticleCell.xib */,
				004F59211E30E1A000A9E522 /* BTArticleCell.h */,
				004F59221E30E1A000A9E522 /* BTArticleCell.m */,
				5C439DC81E71079C008DD770 /* BTArticleCell.xib */,
				5C439DCD1E712852008DD770 /* BTDynamicTitleCell.h */,
				5C439DCE1E712852008DD770 /* BTDynamicTitleCell.m */,
				5C439DCF1E712852008DD770 /* BTDynamicTitleCell.xib */,
			);
			name = plan;
			sourceTree = "<group>";
		};
		0066D7301E75843D006DB0D4 /* MJRefresh */ = {
			isa = PBXGroup;
			children = (
				0066D7311E758472006DB0D4 /* MJRefresh.bundle */,
				0066D7321E758472006DB0D4 /* MJRefresh.h */,
				0066D7331E758472006DB0D4 /* MJRefreshAutoFooter.h */,
				0066D7341E758472006DB0D4 /* MJRefreshAutoFooter.m */,
				0066D7351E758472006DB0D4 /* MJRefreshAutoGifFooter.h */,
				0066D7361E758472006DB0D4 /* MJRefreshAutoGifFooter.m */,
				0066D7371E758472006DB0D4 /* MJRefreshAutoNormalFooter.h */,
				0066D7381E758472006DB0D4 /* MJRefreshAutoNormalFooter.m */,
				0066D7391E758472006DB0D4 /* MJRefreshAutoStateFooter.h */,
				0066D73A1E758472006DB0D4 /* MJRefreshAutoStateFooter.m */,
				0066D73B1E758472006DB0D4 /* MJRefreshBackFooter.h */,
				0066D73C1E758472006DB0D4 /* MJRefreshBackFooter.m */,
				0066D73D1E758472006DB0D4 /* MJRefreshBackGifFooter.h */,
				0066D73E1E758472006DB0D4 /* MJRefreshBackGifFooter.m */,
				0066D73F1E758472006DB0D4 /* MJRefreshBackNormalFooter.h */,
				0066D7401E758472006DB0D4 /* MJRefreshBackNormalFooter.m */,
				0066D7411E758472006DB0D4 /* MJRefreshBackStateFooter.h */,
				0066D7421E758472006DB0D4 /* MJRefreshBackStateFooter.m */,
				0066D7431E758472006DB0D4 /* MJRefreshComponent.h */,
				0066D7441E758472006DB0D4 /* MJRefreshComponent.m */,
				0066D7451E758472006DB0D4 /* MJRefreshConst.h */,
				0066D7461E758472006DB0D4 /* MJRefreshConst.m */,
				0066D7471E758472006DB0D4 /* MJRefreshFooter.h */,
				0066D7481E758472006DB0D4 /* MJRefreshFooter.m */,
				0066D7491E758472006DB0D4 /* MJRefreshGifHeader.h */,
				0066D74A1E758472006DB0D4 /* MJRefreshGifHeader.m */,
				0066D74B1E758472006DB0D4 /* MJRefreshHeader.h */,
				0066D74C1E758472006DB0D4 /* MJRefreshHeader.m */,
				0066D74D1E758472006DB0D4 /* MJRefreshNormalHeader.h */,
				0066D74E1E758472006DB0D4 /* MJRefreshNormalHeader.m */,
				0066D74F1E758472006DB0D4 /* MJRefreshStateHeader.h */,
				0066D7501E758472006DB0D4 /* MJRefreshStateHeader.m */,
				0066D7511E758472006DB0D4 /* NSBundle+MJRefresh.h */,
				0066D7521E758472006DB0D4 /* NSBundle+MJRefresh.m */,
				0066D7531E758472006DB0D4 /* UIScrollView+MJExtension.h */,
				0066D7541E758472006DB0D4 /* UIScrollView+MJExtension.m */,
				0066D7551E758472006DB0D4 /* UIScrollView+MJRefresh.h */,
				0066D7561E758472006DB0D4 /* UIScrollView+MJRefresh.m */,
				0066D7571E758472006DB0D4 /* UIView+MJExtension.h */,
				0066D7581E758472006DB0D4 /* UIView+MJExtension.m */,
			);
			name = MJRefresh;
			path = bt;
			sourceTree = "<group>";
		};
		007E560E1E1FCC6A001CFCD4 = {
			isa = PBXGroup;
			children = (
				007E56191E1FCC6A001CFCD4 /* bt */,
				007E56181E1FCC6A001CFCD4 /* Products */,
				5C4606431E6FD998009B0F52 /* Frameworks */,
			);
			sourceTree = "<group>";
		};
		007E56181E1FCC6A001CFCD4 /* Products */ = {
			isa = PBXGroup;
			children = (
				007E56171E1FCC6A001CFCD4 /* bt.app */,
			);
			name = Products;
			sourceTree = "<group>";
		};
		007E56191E1FCC6A001CFCD4 /* bt */ = {
			isa = PBXGroup;
			children = (
				007E56311E1FDFEC001CFCD4 /* utils */,
				5C4389A61E232F07009C7C75 /* models */,
				5C3F7F8A1E25BFBD0057D831 /* views */,
				007E56321E1FDFFB001CFCD4 /* controllers */,
				007E561D1E1FCC6A001CFCD4 /* AppDelegate.h */,
				007E561E1E1FCC6A001CFCD4 /* AppDelegate.m */,
				007E56201E1FCC6A001CFCD4 /* ViewController.h */,
				007E56211E1FCC6A001CFCD4 /* ViewController.m */,
				007E56231E1FCC6A001CFCD4 /* Main.storyboard */,
				007E56281E1FCC6A001CFCD4 /* LaunchScreen.storyboard */,
				007E56261E1FCC6A001CFCD4 /* Assets.xcassets */,
				007E561A1E1FCC6A001CFCD4 /* Supporting Files */,
			);
			path = bt;
			sourceTree = "<group>";
		};
		007E561A1E1FCC6A001CFCD4 /* Supporting Files */ = {
			isa = PBXGroup;
			children = (
				007E561B1E1FCC6A001CFCD4 /* main.m */,
				007E562B1E1FCC6A001CFCD4 /* Info.plist */,
			);
			name = "Supporting Files";
			sourceTree = "<group>";
		};
		007E56311E1FDFEC001CFCD4 /* utils */ = {
			isa = PBXGroup;
			children = (
				00053FEF1E22825B00067791 /* BTCommon.h */,
				00053FF01E22825B00067791 /* BTCommon.m */,
				5C4030221E2C8FD400C25408 /* NSObject+Extension.h */,
				5C4030231E2C8FD400C25408 /* NSObject+Extension.m */,
				5C4030251E2C94E700C25408 /* NSDate+Extension.h */,
				5C4030261E2C94E700C25408 /* NSDate+Extension.m */,
				5C4030281E2C97B400C25408 /* NSString+Extension.h */,
				5C4030291E2C97B400C25408 /* NSString+Extension.m */,
				5C40302B1E2C98A400C25408 /* NSData+Extension.h */,
				5C40302C1E2C98A400C25408 /* NSData+Extension.m */,
				5C40302E1E2CC72C00C25408 /* UIImageView+Extension.h */,
				5C40302F1E2CC72C00C25408 /* UIImageView+Extension.m */,
				5C41508E1E2DD05A00046514 /* NSArray+Extension.h */,
				5C41508F1E2DD05A00046514 /* NSArray+Extension.m */,
			);
			name = utils;
			sourceTree = "<group>";
		};
		007E56321E1FDFFB001CFCD4 /* controllers */ = {
			isa = PBXGroup;
			children = (
				007E56331E1FE05D001CFCD4 /* BTTabBarController.h */,
				007E56341E1FE05D001CFCD4 /* BTTabBarController.m */,
				007E56361E1FE1B6001CFCD4 /* BTNavigationController.h */,
				007E56371E1FE1B6001CFCD4 /* BTNavigationController.m */,
				007E563C1E1FF203001CFCD4 /* BTViewController.h */,
				007E563D1E1FF203001CFCD4 /* BTViewController.m */,
				00053FE11E21155600067791 /* login */,
				5C4030311E2CD38900C25408 /* plan */,
				5C41E7921E7910150060BC71 /* article */,
			);
			name = controllers;
			sourceTree = "<group>";
		};
		5C3F7F8A1E25BFBD0057D831 /* views */ = {
			isa = PBXGroup;
			children = (
				5C45389B1E72A5E80025D983 /* BTListBottomCell.h */,
				5C45389C1E72A5E80025D983 /* BTListBottomCell.m */,
				5C45389D1E72A5E80025D983 /* BTListBottomCell.xib */,
				0066B8761E66FE1A004169CB /* login */,
				0066B8771E66FE21004169CB /* plan */,
				5C439DCA1E7124D1008DD770 /* dynamic */,
				5C41E78B1E790B260060BC71 /* article */,
			);
			name = views;
			sourceTree = "<group>";
		};
		5C4030311E2CD38900C25408 /* plan */ = {
			isa = PBXGroup;
			children = (
				5C4030321E2CD3C200C25408 /* BTPlanHomeViewController.h */,
				5C4030331E2CD3C200C25408 /* BTPlanHomeViewController.m */,
				00A0D1EA1E758EE200E03F8C /* BTUpdateWeightViewController.h */,
				00A0D1EB1E758EE200E03F8C /* BTUpdateWeightViewController.m */,
				5CF1554A1E76771400DBC086 /* BTCourseViewController.h */,
				5CF1554B1E76771400DBC086 /* BTCourseViewController.m */,
			);
			name = plan;
			sourceTree = "<group>";
		};
		5C41E78B1E790B260060BC71 /* article */ = {
			isa = PBXGroup;
			children = (
				5C41E78C1E790B860060BC71 /* BTMainArticleCell.h */,
				5C41E78D1E790B860060BC71 /* BTMainArticleCell.m */,
				5C41E78F1E790F8F0060BC71 /* BTSecondaryArticleCell.h */,
				5C41E7901E790F8F0060BC71 /* BTSecondaryArticleCell.m */,
			);
			name = article;
			sourceTree = "<group>";
		};
		5C41E7921E7910150060BC71 /* article */ = {
			isa = PBXGroup;
			children = (
				5C41E7931E7910450060BC71 /* BTArticleListViewController.h */,
				5C41E7941E7910450060BC71 /* BTArticleListViewController.m */,
				004EC8BD1E797E760045048A /* BTArticleViewController.h */,
				004EC8BE1E797E760045048A /* BTArticleViewController.m */,
			);
			name = article;
			sourceTree = "<group>";
		};
		5C4389A61E232F07009C7C75 /* models */ = {
			isa = PBXGroup;
			children = (
				5C4389A71E232F40009C7C75 /* BTUser.h */,
				5C4389A81E232F40009C7C75 /* BTUser.m */,
				5C4606471E700836009B0F52 /* BTCourse.h */,
				5C4606481E700836009B0F52 /* BTCourse.m */,
				5C439DD21E71313F008DD770 /* BTDataCache.h */,
				5C439DD31E71313F008DD770 /* BTDataCache.m */,
			);
			name = models;
			sourceTree = "<group>";
		};
		5C439DCA1E7124D1008DD770 /* dynamic */ = {
			isa = PBXGroup;
			children = (
				5C9A8EEF1E3450540014D736 /* BTDynamicCell.h */,
				5C9A8EF01E3450540014D736 /* BTDynamicCell.m */,
				5C439DCB1E712509008DD770 /* BTDynamicCell.xib */,
			);
			name = dynamic;
			sourceTree = "<group>";
		};
		5C4606431E6FD998009B0F52 /* Frameworks */ = {
			isa = PBXGroup;
			children = (
				0066D7301E75843D006DB0D4 /* MJRefresh */,
				005112DD1E72E5430097CEF3 /* MBProgressHUD */,
				5C5052431E67ED6F009DBA33 /* Realm.framework */,
			);
			name = Frameworks;
			sourceTree = "<group>";
		};
/* End PBXGroup section */

/* Begin PBXNativeTarget section */
		007E56161E1FCC6A001CFCD4 /* bt */ = {
			isa = PBXNativeTarget;
			buildConfigurationList = 007E562E1E1FCC6A001CFCD4 /* Build configuration list for PBXNativeTarget "bt" */;
			buildPhases = (
				007E56131E1FCC6A001CFCD4 /* Sources */,
				007E56141E1FCC6A001CFCD4 /* Frameworks */,
				007E56151E1FCC6A001CFCD4 /* Resources */,
				5C4606461E6FFDA6009B0F52 /* Embed Frameworks */,
				5C5052401E67EB1E009DBA33 /* Run Script */,
			);
			buildRules = (
			);
			dependencies = (
			);
			name = bt;
			productName = bt;
			productReference = 007E56171E1FCC6A001CFCD4 /* bt.app */;
			productType = "com.apple.product-type.application";
		};
/* End PBXNativeTarget section */

/* Begin PBXProject section */
		007E560F1E1FCC6A001CFCD4 /* Project object */ = {
			isa = PBXProject;
			attributes = {
				LastUpgradeCheck = 0820;
				ORGANIZATIONNAME = selfdoctor;
				TargetAttributes = {
					007E56161E1FCC6A001CFCD4 = {
						CreatedOnToolsVersion = 8.2.1;
						DevelopmentTeam = 5ZDM7H945X;
						ProvisioningStyle = Automatic;
					};
				};
			};
			buildConfigurationList = 007E56121E1FCC6A001CFCD4 /* Build configuration list for PBXProject "bt" */;
			compatibilityVersion = "Xcode 3.2";
			developmentRegion = English;
			hasScannedForEncodings = 0;
			knownRegions = (
				en,
				Base,
			);
			mainGroup = 007E560E1E1FCC6A001CFCD4;
			productRefGroup = 007E56181E1FCC6A001CFCD4 /* Products */;
			projectDirPath = "";
			projectRoot = "";
			targets = (
				007E56161E1FCC6A001CFCD4 /* bt */,
			);
		};
/* End PBXProject section */

/* Begin PBXResourcesBuildPhase section */
		007E56151E1FCC6A001CFCD4 /* Resources */ = {
			isa = PBXResourcesBuildPhase;
			buildActionMask = 2147483647;
			files = (
				5C439DC91E71079C008DD770 /* BTArticleCell.xib in Resources */,
				000540021E27DA7C00067791 /* BTHeightPickerView.xib in Resources */,
				5C439DCC1E71250A008DD770 /* BTDynamicCell.xib in Resources */,
				007E562A1E1FCC6A001CFCD4 /* LaunchScreen.storyboard in Resources */,
				5C4136871E285F5000A25AE6 /* BTWeightPickerView.xib in Resources */,
				5C50523C1E67BB9E009DBA33 /* BTCurrentCourseCell.xib in Resources */,
				007E56271E1FCC6A001CFCD4 /* Assets.xcassets in Resources */,
				5C439DC51E70F183008DD770 /* BTNoCourseCell.xib in Resources */,
				5C3F7F8F1E25C1410057D831 /* BTDatePickerView.xib in Resources */,
				5C45389F1E72A5E80025D983 /* BTListBottomCell.xib in Resources */,
				5C439DC71E710027008DD770 /* BTRecommendArticleCell.xib in Resources */,
				5C439DD11E712852008DD770 /* BTDynamicTitleCell.xib in Resources */,
				007E56251E1FCC6A001CFCD4 /* Main.storyboard in Resources */,
				5C41508D1E2DC4D500046514 /* BTCourseHomeCalendarView.xib in Resources */,
				0066B8751E66FE0D004169CB /* BTWeightCell.xib in Resources */,
				0066D7591E758472006DB0D4 /* MJRefresh.bundle in Resources */,
			);
			runOnlyForDeploymentPostprocessing = 0;
		};
/* End PBXResourcesBuildPhase section */

/* Begin PBXShellScriptBuildPhase section */
		5C5052401E67EB1E009DBA33 /* Run Script */ = {
			isa = PBXShellScriptBuildPhase;
			buildActionMask = 2147483647;
			files = (
			);
			inputPaths = (
			);
			name = "Run Script";
			outputPaths = (
			);
			runOnlyForDeploymentPostprocessing = 0;
			shellPath = /bin/sh;
			shellScript = "bash \"${BUILT_PRODUCTS_DIR}/${FRAMEWORKS_FOLDER_PATH}/Realm.framework/strip-frameworks.sh\"";
		};
/* End PBXShellScriptBuildPhase section */

/* Begin PBXSourcesBuildPhase section */
		007E56131E1FCC6A001CFCD4 /* Sources */ = {
			isa = PBXSourcesBuildPhase;
			buildActionMask = 2147483647;
			files = (
				0066D7681E758472006DB0D4 /* MJRefreshStateHeader.m in Sources */,
				0066D7671E758472006DB0D4 /* MJRefreshNormalHeader.m in Sources */,
				004F59231E30E1A000A9E522 /* BTArticleCell.m in Sources */,
				0066D75B1E758472006DB0D4 /* MJRefreshAutoGifFooter.m in Sources */,
				0066D75A1E758472006DB0D4 /* MJRefreshAutoFooter.m in Sources */,
				5CCE4BB31E24C6C60010DDA5 /* BTInfoViewController.m in Sources */,
				00053FE01E210A0200067791 /* BTRegisterViewController.m in Sources */,
				0066D7601E758472006DB0D4 /* MJRefreshBackNormalFooter.m in Sources */,
				5C41508B1E2DC4C000046514 /* BTCourseHomeCalendarView.m in Sources */,
				0066D7661E758472006DB0D4 /* MJRefreshHeader.m in Sources */,
				006A3DFB1E29FD5C00BD4F10 /* BTConfirmCourseViewController.m in Sources */,
				006B2A491E2FBF8A0002A484 /* BTRecommendArticleCell.m in Sources */,
				00053FEE1E22587900067791 /* BTCaptchaViewController.m in Sources */,
				004EC8BF1E797E760045048A /* BTArticleViewController.m in Sources */,
				5CCE4BB01E24A4F20010DDA5 /* BTPwdViewController.m in Sources */,
				0066D7651E758472006DB0D4 /* MJRefreshGifHeader.m in Sources */,
				5C4606491E700836009B0F52 /* BTCourse.m in Sources */,
				0066D76C1E758472006DB0D4 /* UIView+MJExtension.m in Sources */,
				000540001E27CE1400067791 /* BTWeightPickerView.m in Sources */,
				5C4030341E2CD3C200C25408 /* BTPlanHomeViewController.m in Sources */,
				5C4030301E2CC72C00C25408 /* UIImageView+Extension.m in Sources */,
				5C439DD41E71313F008DD770 /* BTDataCache.m in Sources */,
				007E56411E1FF224001CFCD4 /* BTLoginViewController.m in Sources */,
				5C40302A1E2C97B400C25408 /* NSString+Extension.m in Sources */,
				007E56221E1FCC6A001CFCD4 /* ViewController.m in Sources */,
				006DF81C1E2D0DCE00169EB0 /* BTWeightCell.m in Sources */,
				5C45389E1E72A5E80025D983 /* BTListBottomCell.m in Sources */,
				006DF81F1E2D1E9400169EB0 /* BTCurrentCourseCell.m in Sources */,
				0066D76A1E758472006DB0D4 /* UIScrollView+MJExtension.m in Sources */,
				5C40302D1E2C98A400C25408 /* NSData+Extension.m in Sources */,
				5CF1554C1E76771400DBC086 /* BTCourseViewController.m in Sources */,
				5C41E78E1E790B860060BC71 /* BTMainArticleCell.m in Sources */,
				0066D7631E758472006DB0D4 /* MJRefreshConst.m in Sources */,
				006B2A461E2F780D0002A484 /* BTNoCourseCell.m in Sources */,
				007E563B1E1FE2F9001CFCD4 /* BTLoginNavigationController.m in Sources */,
				5C41368D1E28C4B700A25AE6 /* BTTagCell.m in Sources */,
				5C4150901E2DD05A00046514 /* NSArray+Extension.m in Sources */,
				5C4030271E2C94E700C25408 /* NSDate+Extension.m in Sources */,
				007E561F1E1FCC6A001CFCD4 /* AppDelegate.m in Sources */,
				007E56351E1FE05D001CFCD4 /* BTTabBarController.m in Sources */,
				5C41E7911E790F8F0060BC71 /* BTSecondaryArticleCell.m in Sources */,
				5C439DD01E712852008DD770 /* BTDynamicTitleCell.m in Sources */,
				007E56381E1FE1B6001CFCD4 /* BTNavigationController.m in Sources */,
				5C3F7F8D1E25C0C50057D831 /* BTDatePickerView.m in Sources */,
				0066D75E1E758472006DB0D4 /* MJRefreshBackFooter.m in Sources */,
				5C41E7951E7910450060BC71 /* BTArticleListViewController.m in Sources */,
				00053FF71E27AF4300067791 /* BTHeightPickerView.m in Sources */,
				5C41368A1E2899F800A25AE6 /* BTTagViewController.m in Sources */,
				5C4030241E2C8FD400C25408 /* NSObject+Extension.m in Sources */,
				0066D7691E758472006DB0D4 /* NSBundle+MJRefresh.m in Sources */,
				0066D75C1E758472006DB0D4 /* MJRefreshAutoNormalFooter.m in Sources */,
				5C9A8EF11E3450540014D736 /* BTDynamicCell.m in Sources */,
				0066D7641E758472006DB0D4 /* MJRefreshFooter.m in Sources */,
				00A0D1EC1E758EE200E03F8C /* BTUpdateWeightViewController.m in Sources */,
				0066D75F1E758472006DB0D4 /* MJRefreshBackGifFooter.m in Sources */,
				5C4389A91E232F40009C7C75 /* BTUser.m in Sources */,
				0066D76B1E758472006DB0D4 /* UIScrollView+MJRefresh.m in Sources */,
				00053FF11E22825B00067791 /* BTCommon.m in Sources */,
				0066D75D1E758472006DB0D4 /* MJRefreshAutoStateFooter.m in Sources */,
				0066D7611E758472006DB0D4 /* MJRefreshBackStateFooter.m in Sources */,
				007E563E1E1FF203001CFCD4 /* BTViewController.m in Sources */,
				0066D7621E758472006DB0D4 /* MJRefreshComponent.m in Sources */,
				007E561C1E1FCC6A001CFCD4 /* main.m in Sources */,
				5C4389A51E2329E5009C7C75 /* MBProgressHUD.m in Sources */,
			);
			runOnlyForDeploymentPostprocessing = 0;
		};
/* End PBXSourcesBuildPhase section */

/* Begin PBXVariantGroup section */
		007E56231E1FCC6A001CFCD4 /* Main.storyboard */ = {
			isa = PBXVariantGroup;
			children = (
				007E56241E1FCC6A001CFCD4 /* Base */,
			);
			name = Main.storyboard;
			sourceTree = "<group>";
		};
		007E56281E1FCC6A001CFCD4 /* LaunchScreen.storyboard */ = {
			isa = PBXVariantGroup;
			children = (
				007E56291E1FCC6A001CFCD4 /* Base */,
			);
			name = LaunchScreen.storyboard;
			sourceTree = "<group>";
		};
/* End PBXVariantGroup section */

/* Begin XCBuildConfiguration section */
		007E562C1E1FCC6A001CFCD4 /* Debug */ = {
			isa = XCBuildConfiguration;
			buildSettings = {
				ALWAYS_SEARCH_USER_PATHS = NO;
				CLANG_ANALYZER_NONNULL = YES;
				CLANG_CXX_LANGUAGE_STANDARD = "gnu++0x";
				CLANG_CXX_LIBRARY = "libc++";
				CLANG_ENABLE_MODULES = YES;
				CLANG_ENABLE_OBJC_ARC = YES;
				CLANG_WARN_BOOL_CONVERSION = YES;
				CLANG_WARN_CONSTANT_CONVERSION = YES;
				CLANG_WARN_DIRECT_OBJC_ISA_USAGE = YES_ERROR;
				CLANG_WARN_DOCUMENTATION_COMMENTS = YES;
				CLANG_WARN_EMPTY_BODY = YES;
				CLANG_WARN_ENUM_CONVERSION = YES;
				CLANG_WARN_INFINITE_RECURSION = YES;
				CLANG_WARN_INT_CONVERSION = YES;
				CLANG_WARN_OBJC_ROOT_CLASS = YES_ERROR;
				CLANG_WARN_SUSPICIOUS_MOVE = YES;
				CLANG_WARN_UNREACHABLE_CODE = YES;
				CLANG_WARN__DUPLICATE_METHOD_MATCH = YES;
				"CODE_SIGN_IDENTITY[sdk=iphoneos*]" = "iPhone Developer";
				COPY_PHASE_STRIP = NO;
				DEBUG_INFORMATION_FORMAT = dwarf;
				ENABLE_STRICT_OBJC_MSGSEND = YES;
				ENABLE_TESTABILITY = YES;
				GCC_C_LANGUAGE_STANDARD = gnu99;
				GCC_DYNAMIC_NO_PIC = NO;
				GCC_NO_COMMON_BLOCKS = YES;
				GCC_OPTIMIZATION_LEVEL = 0;
				GCC_PREPROCESSOR_DEFINITIONS = (
					"DEBUG=1",
					"$(inherited)",
				);
				GCC_WARN_64_TO_32_BIT_CONVERSION = YES;
				GCC_WARN_ABOUT_RETURN_TYPE = YES_ERROR;
				GCC_WARN_UNDECLARED_SELECTOR = YES;
				GCC_WARN_UNINITIALIZED_AUTOS = YES_AGGRESSIVE;
				GCC_WARN_UNUSED_FUNCTION = YES;
				GCC_WARN_UNUSED_VARIABLE = YES;
				IPHONEOS_DEPLOYMENT_TARGET = 10.2;
				MTL_ENABLE_DEBUG_INFO = YES;
				ONLY_ACTIVE_ARCH = YES;
				SDKROOT = iphoneos;
			};
			name = Debug;
		};
		007E562D1E1FCC6A001CFCD4 /* Release */ = {
			isa = XCBuildConfiguration;
			buildSettings = {
				ALWAYS_SEARCH_USER_PATHS = NO;
				CLANG_ANALYZER_NONNULL = YES;
				CLANG_CXX_LANGUAGE_STANDARD = "gnu++0x";
				CLANG_CXX_LIBRARY = "libc++";
				CLANG_ENABLE_MODULES = YES;
				CLANG_ENABLE_OBJC_ARC = YES;
				CLANG_WARN_BOOL_CONVERSION = YES;
				CLANG_WARN_CONSTANT_CONVERSION = YES;
				CLANG_WARN_DIRECT_OBJC_ISA_USAGE = YES_ERROR;
				CLANG_WARN_DOCUMENTATION_COMMENTS = YES;
				CLANG_WARN_EMPTY_BODY = YES;
				CLANG_WARN_ENUM_CONVERSION = YES;
				CLANG_WARN_INFINITE_RECURSION = YES;
				CLANG_WARN_INT_CONVERSION = YES;
				CLANG_WARN_OBJC_ROOT_CLASS = YES_ERROR;
				CLANG_WARN_SUSPICIOUS_MOVE = YES;
				CLANG_WARN_UNREACHABLE_CODE = YES;
				CLANG_WARN__DUPLICATE_METHOD_MATCH = YES;
				"CODE_SIGN_IDENTITY[sdk=iphoneos*]" = "iPhone Developer";
				COPY_PHASE_STRIP = NO;
				DEBUG_INFORMATION_FORMAT = "dwarf-with-dsym";
				ENABLE_NS_ASSERTIONS = NO;
				ENABLE_STRICT_OBJC_MSGSEND = YES;
				GCC_C_LANGUAGE_STANDARD = gnu99;
				GCC_NO_COMMON_BLOCKS = YES;
				GCC_WARN_64_TO_32_BIT_CONVERSION = YES;
				GCC_WARN_ABOUT_RETURN_TYPE = YES_ERROR;
				GCC_WARN_UNDECLARED_SELECTOR = YES;
				GCC_WARN_UNINITIALIZED_AUTOS = YES_AGGRESSIVE;
				GCC_WARN_UNUSED_FUNCTION = YES;
				GCC_WARN_UNUSED_VARIABLE = YES;
				IPHONEOS_DEPLOYMENT_TARGET = 10.2;
				MTL_ENABLE_DEBUG_INFO = NO;
				SDKROOT = iphoneos;
				VALIDATE_PRODUCT = YES;
			};
			name = Release;
		};
		007E562F1E1FCC6A001CFCD4 /* Debug */ = {
			isa = XCBuildConfiguration;
			buildSettings = {
				ASSETCATALOG_COMPILER_APPICON_NAME = AppIcon;
				"CODE_SIGN_IDENTITY[sdk=iphoneos*]" = "iPhone Developer";
				DEVELOPMENT_TEAM = 5ZDM7H945X;
				FRAMEWORK_SEARCH_PATHS = (
					"$(inherited)",
					"$(PROJECT_DIR)",
				);
				INFOPLIST_FILE = bt/Info.plist;
				LD_RUNPATH_SEARCH_PATHS = "$(inherited) @executable_path/Frameworks";
				PRODUCT_BUNDLE_IDENTIFIER = com.selfdoctor.kg;
				PRODUCT_NAME = "$(TARGET_NAME)";
			};
			name = Debug;
		};
		007E56301E1FCC6A001CFCD4 /* Release */ = {
			isa = XCBuildConfiguration;
			buildSettings = {
				ASSETCATALOG_COMPILER_APPICON_NAME = AppIcon;
				"CODE_SIGN_IDENTITY[sdk=iphoneos*]" = "iPhone Developer";
				DEVELOPMENT_TEAM = 5ZDM7H945X;
				FRAMEWORK_SEARCH_PATHS = (
					"$(inherited)",
					"$(PROJECT_DIR)",
				);
				INFOPLIST_FILE = bt/Info.plist;
				LD_RUNPATH_SEARCH_PATHS = "$(inherited) @executable_path/Frameworks";
				PRODUCT_BUNDLE_IDENTIFIER = com.selfdoctor.kg;
				PRODUCT_NAME = "$(TARGET_NAME)";
			};
			name = Release;
		};
/* End XCBuildConfiguration section */

/* Begin XCConfigurationList section */
		007E56121E1FCC6A001CFCD4 /* Build configuration list for PBXProject "bt" */ = {
			isa = XCConfigurationList;
			buildConfigurations = (
				007E562C1E1FCC6A001CFCD4 /* Debug */,
				007E562D1E1FCC6A001CFCD4 /* Release */,
			);
			defaultConfigurationIsVisible = 0;
			defaultConfigurationName = Release;
		};
		007E562E1E1FCC6A001CFCD4 /* Build configuration list for PBXNativeTarget "bt" */ = {
			isa = XCConfigurationList;
			buildConfigurations = (
				007E562F1E1FCC6A001CFCD4 /* Debug */,
				007E56301E1FCC6A001CFCD4 /* Release */,
			);
			defaultConfigurationIsVisible = 0;
			defaultConfigurationName = Release;
		};
/* End XCConfigurationList section */
	};
	rootObject = 007E560F1E1FCC6A001CFCD4 /* Project object */;
}
